{
  "version": 4,
  "terraform_version": "1.14.0",
  "serial": 86,
  "lineage": "664d8a78-1eb8-91c5-0dc5-f292f42ee605",
  "outputs": {},
  "resources": [
    {
      "mode": "managed",
      "type": "helm_release",
      "name": "argocd",
      "provider": "provider[\"registry.terraform.io/hashicorp/helm\"]",
      "instances": [
        {
          "schema_version": 1,
          "attributes": {
            "atomic": false,
            "chart": "argo-cd",
            "cleanup_on_fail": false,
            "create_namespace": true,
            "dependency_update": false,
            "description": null,
            "devel": null,
            "disable_crd_hooks": false,
            "disable_openapi_validation": false,
            "disable_webhooks": false,
            "force_update": false,
            "id": "argocd",
            "keyring": null,
            "lint": false,
            "manifest": null,
            "max_history": 0,
            "metadata": [
              {
                "app_version": "v2.9.3",
                "chart": "argo-cd",
                "first_deployed": 1764011768,
                "last_deployed": 1764011768,
                "name": "argocd",
                "namespace": "argocd",
                "notes": "\n\nIn order to access the server UI you have the following options:\n\n1. kubectl port-forward service/argocd-server -n argocd 8080:443\n\n    and then open the browser on http://localhost:8080 and accept the certificate\n\n2. enable ingress in the values file `server.ingress.enabled` and either\n      - Add the annotation for ssl passthrough: https://argo-cd.readthedocs.io/en/stable/operator-manual/ingress/#option-1-ssl-passthrough\n      - Set the `configs.params.\"server.insecure\"` in the values file and terminate SSL at your ingress: https://argo-cd.readthedocs.io/en/stable/operator-manual/ingress/#option-2-multiple-ingress-objects-and-hosts\n\n\nAfter reaching the UI the first time you can login with username: admin and the random password generated during the installation. You can find the password by running:\n\nkubectl -n argocd get secret argocd-initial-admin-secret -o jsonpath=\"{.data.password}\" | base64 -d\n\n(You should delete the initial secret afterwards as suggested by the Getting Started Guide: https://argo-cd.readthedocs.io/en/stable/getting_started/#4-login-using-the-cli)\n",
                "revision": 1,
                "values": "{\"configs\":{\"params\":{\"server.insecure\":true}},\"crds\":{\"install\":false},\"server\":{\"service\":{\"type\":\"ClusterIP\"}}}",
                "version": "5.51.6"
              }
            ],
            "name": "argocd",
            "namespace": "argocd",
            "pass_credentials": false,
            "postrender": [],
            "recreate_pods": false,
            "render_subchart_notes": true,
            "replace": false,
            "repository": "https://argoproj.github.io/argo-helm",
            "repository_ca_file": null,
            "repository_cert_file": null,
            "repository_key_file": null,
            "repository_password": null,
            "repository_username": null,
            "reset_values": false,
            "reuse_values": false,
            "set": [],
            "set_list": [],
            "set_sensitive": [],
            "skip_crds": true,
            "status": "deployed",
            "timeout": 300,
            "upgrade_install": null,
            "values": [
              "\"configs\":\n  \"params\":\n    \"server.insecure\": true\n\"crds\":\n  \"install\": false\n\"server\":\n  \"service\":\n    \"type\": \"ClusterIP\"\n"
            ],
            "verify": false,
            "version": "5.51.6",
            "wait": true,
            "wait_for_jobs": false
          },
          "sensitive_attributes": [
            [
              {
                "type": "get_attr",
                "value": "repository_password"
              }
            ]
          ],
          "identity_schema_version": 0,
          "private": "eyJzY2hlbWFfdmVyc2lvbiI6IjEifQ=="
        }
      ]
    },
    {
      "mode": "managed",
      "type": "kubernetes_manifest",
      "name": "argocd_gitops_app",
      "provider": "provider[\"registry.terraform.io/hashicorp/kubernetes\"]",
      "instances": [
        {
          "schema_version": 1,
          "attributes": {
            "computed_fields": null,
            "field_manager": [],
            "manifest": {
              "value": {
                "apiVersion": "argoproj.io/v1alpha1",
                "kind": "Application",
                "metadata": {
                  "name": "platform-gitops",
                  "namespace": "argocd"
                },
                "spec": {
                  "destination": {
                    "namespace": "argocd",
                    "server": "https://kubernetes.default.svc"
                  },
                  "project": "default",
                  "source": {
                    "path": ".",
                    "repoURL": "http://host.k3d.internal:8081/root/platform-gitops.git",
                    "targetRevision": "main"
                  },
                  "syncPolicy": {
                    "automated": {
                      "prune": true,
                      "selfHeal": true
                    },
                    "syncOptions": [
                      "CreateNamespace=true"
                    ]
                  }
                }
              },
              "type": [
                "object",
                {
                  "apiVersion": "string",
                  "kind": "string",
                  "metadata": [
                    "object",
                    {
                      "name": "string",
                      "namespace": "string"
                    }
                  ],
                  "spec": [
                    "object",
                    {
                      "destination": [
                        "object",
                        {
                          "namespace": "string",
                          "server": "string"
                        }
                      ],
                      "project": "string",
                      "source": [
                        "object",
                        {
                          "path": "string",
                          "repoURL": "string",
                          "targetRevision": "string"
                        }
                      ],
                      "syncPolicy": [
                        "object",
                        {
                          "automated": [
                            "object",
                            {
                              "prune": "bool",
                              "selfHeal": "bool"
                            }
                          ],
                          "syncOptions": [
                            "tuple",
                            [
                              "string"
                            ]
                          ]
                        }
                      ]
                    }
                  ]
                }
              ]
            },
            "object": {
              "value": {
                "apiVersion": "argoproj.io/v1alpha1",
                "kind": "Application",
                "metadata": {
                  "annotations": null,
                  "creationTimestamp": null,
                  "deletionGracePeriodSeconds": null,
                  "deletionTimestamp": null,
                  "finalizers": null,
                  "generateName": null,
                  "generation": null,
                  "labels": null,
                  "managedFields": null,
                  "name": "platform-gitops",
                  "namespace": "argocd",
                  "ownerReferences": null,
                  "resourceVersion": null,
                  "selfLink": null,
                  "uid": null
                },
                "operation": {
                  "info": null,
                  "initiatedBy": {
                    "automated": null,
                    "username": null
                  },
                  "retry": {
                    "backoff": {
                      "duration": null,
                      "factor": null,
                      "maxDuration": null
                    },
                    "limit": null
                  },
                  "sync": {
                    "dryRun": null,
                    "manifests": null,
                    "prune": null,
                    "resources": null,
                    "revision": null,
                    "revisions": null,
                    "source": {
                      "chart": null,
                      "directory": {
                        "exclude": null,
                        "include": null,
                        "jsonnet": {
                          "extVars": null,
                          "libs": null,
                          "tlas": null
                        },
                        "recurse": null
                      },
                      "helm": {
                        "fileParameters": null,
                        "ignoreMissingValueFiles": null,
                        "parameters": null,
                        "passCredentials": null,
                        "releaseName": null,
                        "skipCrds": null,
                        "valueFiles": null,
                        "values": null,
                        "valuesObject": null,
                        "version": null
                      },
                      "kustomize": {
                        "commonAnnotations": null,
                        "commonAnnotationsEnvsubst": null,
                        "commonLabels": null,
                        "forceCommonAnnotations": null,
                        "forceCommonLabels": null,
                        "images": null,
                        "namePrefix": null,
                        "nameSuffix": null,
                        "namespace": null,
                        "patches": null,
                        "replicas": null,
                        "version": null
                      },
                      "path": null,
                      "plugin": {
                        "env": null,
                        "name": null,
                        "parameters": null
                      },
                      "ref": null,
                      "repoURL": null,
                      "targetRevision": null
                    },
                    "sources": null,
                    "syncOptions": null,
                    "syncStrategy": {
                      "apply": {
                        "force": null
                      },
                      "hook": {
                        "force": null
                      }
                    }
                  }
                },
                "spec": {
                  "destination": {
                    "name": null,
                    "namespace": "argocd",
                    "server": "https://kubernetes.default.svc"
                  },
                  "ignoreDifferences": null,
                  "info": null,
                  "project": "default",
                  "revisionHistoryLimit": null,
                  "source": {
                    "chart": null,
                    "directory": {
                      "exclude": null,
                      "include": null,
                      "jsonnet": {
                        "extVars": null,
                        "libs": null,
                        "tlas": null
                      },
                      "recurse": null
                    },
                    "helm": {
                      "fileParameters": null,
                      "ignoreMissingValueFiles": null,
                      "parameters": null,
                      "passCredentials": null,
                      "releaseName": null,
                      "skipCrds": null,
                      "valueFiles": null,
                      "values": null,
                      "valuesObject": null,
                      "version": null
                    },
                    "kustomize": {
                      "commonAnnotations": null,
                      "commonAnnotationsEnvsubst": null,
                      "commonLabels": null,
                      "forceCommonAnnotations": null,
                      "forceCommonLabels": null,
                      "images": null,
                      "namePrefix": null,
                      "nameSuffix": null,
                      "namespace": null,
                      "patches": null,
                      "replicas": null,
                      "version": null
                    },
                    "path": ".",
                    "plugin": {
                      "env": null,
                      "name": null,
                      "parameters": null
                    },
                    "ref": null,
                    "repoURL": "http://host.k3d.internal:8081/root/platform-gitops.git",
                    "targetRevision": "main"
                  },
                  "sources": null,
                  "syncPolicy": {
                    "automated": {
                      "allowEmpty": null,
                      "prune": true,
                      "selfHeal": true
                    },
                    "managedNamespaceMetadata": {
                      "annotations": null,
                      "labels": null
                    },
                    "retry": {
                      "backoff": {
                        "duration": null,
                        "factor": null,
                        "maxDuration": null
                      },
                      "limit": null
                    },
                    "syncOptions": [
                      "CreateNamespace=true"
                    ]
                  }
                }
              },
              "type": [
                "object",
                {
                  "apiVersion": "string",
                  "kind": "string",
                  "metadata": [
                    "object",
                    {
                      "annotations": [
                        "map",
                        "string"
                      ],
                      "creationTimestamp": "string",
                      "deletionGracePeriodSeconds": "number",
                      "deletionTimestamp": "string",
                      "finalizers": [
                        "list",
                        "string"
                      ],
                      "generateName": "string",
                      "generation": "number",
                      "labels": [
                        "map",
                        "string"
                      ],
                      "managedFields": [
                        "tuple",
                        [
                          [
                            "object",
                            {
                              "apiVersion": "string",
                              "fieldsType": "string",
                              "fieldsV1": "dynamic",
                              "manager": "string",
                              "operation": "string",
                              "subresource": "string",
                              "time": "string"
                            }
                          ]
                        ]
                      ],
                      "name": "string",
                      "namespace": "string",
                      "ownerReferences": [
                        "list",
                        [
                          "object",
                          {
                            "apiVersion": "string",
                            "blockOwnerDeletion": "bool",
                            "controller": "bool",
                            "kind": "string",
                            "name": "string",
                            "uid": "string"
                          }
                        ]
                      ],
                      "resourceVersion": "string",
                      "selfLink": "string",
                      "uid": "string"
                    }
                  ],
                  "operation": [
                    "object",
                    {
                      "info": [
                        "list",
                        [
                          "object",
                          {
                            "name": "string",
                            "value": "string"
                          }
                        ]
                      ],
                      "initiatedBy": [
                        "object",
                        {
                          "automated": "bool",
                          "username": "string"
                        }
                      ],
                      "retry": [
                        "object",
                        {
                          "backoff": [
                            "object",
                            {
                              "duration": "string",
                              "factor": "number",
                              "maxDuration": "string"
                            }
                          ],
                          "limit": "number"
                        }
                      ],
                      "sync": [
                        "object",
                        {
                          "dryRun": "bool",
                          "manifests": [
                            "list",
                            "string"
                          ],
                          "prune": "bool",
                          "resources": [
                            "list",
                            [
                              "object",
                              {
                                "group": "string",
                                "kind": "string",
                                "name": "string",
                                "namespace": "string"
                              }
                            ]
                          ],
                          "revision": "string",
                          "revisions": [
                            "list",
                            "string"
                          ],
                          "source": [
                            "object",
                            {
                              "chart": "string",
                              "directory": [
                                "object",
                                {
                                  "exclude": "string",
                                  "include": "string",
                                  "jsonnet": [
                                    "object",
                                    {
                                      "extVars": [
                                        "list",
                                        [
                                          "object",
                                          {
                                            "code": "bool",
                                            "name": "string",
                                            "value": "string"
                                          }
                                        ]
                                      ],
                                      "libs": [
                                        "list",
                                        "string"
                                      ],
                                      "tlas": [
                                        "list",
                                        [
                                          "object",
                                          {
                                            "code": "bool",
                                            "name": "string",
                                            "value": "string"
                                          }
                                        ]
                                      ]
                                    }
                                  ],
                                  "recurse": "bool"
                                }
                              ],
                              "helm": [
                                "object",
                                {
                                  "fileParameters": [
                                    "list",
                                    [
                                      "object",
                                      {
                                        "name": "string",
                                        "path": "string"
                                      }
                                    ]
                                  ],
                                  "ignoreMissingValueFiles": "bool",
                                  "parameters": [
                                    "list",
                                    [
                                      "object",
                                      {
                                        "forceString": "bool",
                                        "name": "string",
                                        "value": "string"
                                      }
                                    ]
                                  ],
                                  "passCredentials": "bool",
                                  "releaseName": "string",
                                  "skipCrds": "bool",
                                  "valueFiles": [
                                    "list",
                                    "string"
                                  ],
                                  "values": "string",
                                  "valuesObject": "dynamic",
                                  "version": "string"
                                }
                              ],
                              "kustomize": [
                                "object",
                                {
                                  "commonAnnotations": [
                                    "map",
                                    "string"
                                  ],
                                  "commonAnnotationsEnvsubst": "bool",
                                  "commonLabels": [
                                    "map",
                                    "string"
                                  ],
                                  "forceCommonAnnotations": "bool",
                                  "forceCommonLabels": "bool",
                                  "images": [
                                    "list",
                                    "string"
                                  ],
                                  "namePrefix": "string",
                                  "nameSuffix": "string",
                                  "namespace": "string",
                                  "patches": [
                                    "list",
                                    [
                                      "object",
                                      {
                                        "options": [
                                          "map",
                                          "bool"
                                        ],
                                        "patch": "string",
                                        "path": "string",
                                        "target": [
                                          "object",
                                          {
                                            "annotationSelector": "string",
                                            "group": "string",
                                            "kind": "string",
                                            "labelSelector": "string",
                                            "name": "string",
                                            "namespace": "string",
                                            "version": "string"
                                          }
                                        ]
                                      }
                                    ]
                                  ],
                                  "replicas": [
                                    "list",
                                    [
                                      "object",
                                      {
                                        "count": "string",
                                        "name": "string"
                                      }
                                    ]
                                  ],
                                  "version": "string"
                                }
                              ],
                              "path": "string",
                              "plugin": [
                                "object",
                                {
                                  "env": [
                                    "list",
                                    [
                                      "object",
                                      {
                                        "name": "string",
                                        "value": "string"
                                      }
                                    ]
                                  ],
                                  "name": "string",
                                  "parameters": [
                                    "list",
                                    [
                                      "object",
                                      {
                                        "array": [
                                          "list",
                                          "string"
                                        ],
                                        "map": [
                                          "map",
                                          "string"
                                        ],
                                        "name": "string",
                                        "string": "string"
                                      }
                                    ]
                                  ]
                                }
                              ],
                              "ref": "string",
                              "repoURL": "string",
                              "targetRevision": "string"
                            }
                          ],
                          "sources": [
                            "tuple",
                            [
                              [
                                "object",
                                {
                                  "chart": "string",
                                  "directory": [
                                    "object",
                                    {
                                      "exclude": "string",
                                      "include": "string",
                                      "jsonnet": [
                                        "object",
                                        {
                                          "extVars": [
                                            "list",
                                            [
                                              "object",
                                              {
                                                "code": "bool",
                                                "name": "string",
                                                "value": "string"
                                              }
                                            ]
                                          ],
                                          "libs": [
                                            "list",
                                            "string"
                                          ],
                                          "tlas": [
                                            "list",
                                            [
                                              "object",
                                              {
                                                "code": "bool",
                                                "name": "string",
                                                "value": "string"
                                              }
                                            ]
                                          ]
                                        }
                                      ],
                                      "recurse": "bool"
                                    }
                                  ],
                                  "helm": [
                                    "object",
                                    {
                                      "fileParameters": [
                                        "list",
                                        [
                                          "object",
                                          {
                                            "name": "string",
                                            "path": "string"
                                          }
                                        ]
                                      ],
                                      "ignoreMissingValueFiles": "bool",
                                      "parameters": [
                                        "list",
                                        [
                                          "object",
                                          {
                                            "forceString": "bool",
                                            "name": "string",
                                            "value": "string"
                                          }
                                        ]
                                      ],
                                      "passCredentials": "bool",
                                      "releaseName": "string",
                                      "skipCrds": "bool",
                                      "valueFiles": [
                                        "list",
                                        "string"
                                      ],
                                      "values": "string",
                                      "valuesObject": "dynamic",
                                      "version": "string"
                                    }
                                  ],
                                  "kustomize": [
                                    "object",
                                    {
                                      "commonAnnotations": [
                                        "map",
                                        "string"
                                      ],
                                      "commonAnnotationsEnvsubst": "bool",
                                      "commonLabels": [
                                        "map",
                                        "string"
                                      ],
                                      "forceCommonAnnotations": "bool",
                                      "forceCommonLabels": "bool",
                                      "images": [
                                        "list",
                                        "string"
                                      ],
                                      "namePrefix": "string",
                                      "nameSuffix": "string",
                                      "namespace": "string",
                                      "patches": [
                                        "list",
                                        [
                                          "object",
                                          {
                                            "options": [
                                              "map",
                                              "bool"
                                            ],
                                            "patch": "string",
                                            "path": "string",
                                            "target": [
                                              "object",
                                              {
                                                "annotationSelector": "string",
                                                "group": "string",
                                                "kind": "string",
                                                "labelSelector": "string",
                                                "name": "string",
                                                "namespace": "string",
                                                "version": "string"
                                              }
                                            ]
                                          }
                                        ]
                                      ],
                                      "replicas": [
                                        "list",
                                        [
                                          "object",
                                          {
                                            "count": "string",
                                            "name": "string"
                                          }
                                        ]
                                      ],
                                      "version": "string"
                                    }
                                  ],
                                  "path": "string",
                                  "plugin": [
                                    "object",
                                    {
                                      "env": [
                                        "list",
                                        [
                                          "object",
                                          {
                                            "name": "string",
                                            "value": "string"
                                          }
                                        ]
                                      ],
                                      "name": "string",
                                      "parameters": [
                                        "list",
                                        [
                                          "object",
                                          {
                                            "array": [
                                              "list",
                                              "string"
                                            ],
                                            "map": [
                                              "map",
                                              "string"
                                            ],
                                            "name": "string",
                                            "string": "string"
                                          }
                                        ]
                                      ]
                                    }
                                  ],
                                  "ref": "string",
                                  "repoURL": "string",
                                  "targetRevision": "string"
                                }
                              ]
                            ]
                          ],
                          "syncOptions": [
                            "list",
                            "string"
                          ],
                          "syncStrategy": [
                            "object",
                            {
                              "apply": [
                                "object",
                                {
                                  "force": "bool"
                                }
                              ],
                              "hook": [
                                "object",
                                {
                                  "force": "bool"
                                }
                              ]
                            }
                          ]
                        }
                      ]
                    }
                  ],
                  "spec": [
                    "object",
                    {
                      "destination": [
                        "object",
                        {
                          "name": "string",
                          "namespace": "string",
                          "server": "string"
                        }
                      ],
                      "ignoreDifferences": [
                        "list",
                        [
                          "object",
                          {
                            "group": "string",
                            "jqPathExpressions": [
                              "list",
                              "string"
                            ],
                            "jsonPointers": [
                              "list",
                              "string"
                            ],
                            "kind": "string",
                            "managedFieldsManagers": [
                              "list",
                              "string"
                            ],
                            "name": "string",
                            "namespace": "string"
                          }
                        ]
                      ],
                      "info": [
                        "list",
                        [
                          "object",
                          {
                            "name": "string",
                            "value": "string"
                          }
                        ]
                      ],
                      "project": "string",
                      "revisionHistoryLimit": "number",
                      "source": [
                        "object",
                        {
                          "chart": "string",
                          "directory": [
                            "object",
                            {
                              "exclude": "string",
                              "include": "string",
                              "jsonnet": [
                                "object",
                                {
                                  "extVars": [
                                    "list",
                                    [
                                      "object",
                                      {
                                        "code": "bool",
                                        "name": "string",
                                        "value": "string"
                                      }
                                    ]
                                  ],
                                  "libs": [
                                    "list",
                                    "string"
                                  ],
                                  "tlas": [
                                    "list",
                                    [
                                      "object",
                                      {
                                        "code": "bool",
                                        "name": "string",
                                        "value": "string"
                                      }
                                    ]
                                  ]
                                }
                              ],
                              "recurse": "bool"
                            }
                          ],
                          "helm": [
                            "object",
                            {
                              "fileParameters": [
                                "list",
                                [
                                  "object",
                                  {
                                    "name": "string",
                                    "path": "string"
                                  }
                                ]
                              ],
                              "ignoreMissingValueFiles": "bool",
                              "parameters": [
                                "list",
                                [
                                  "object",
                                  {
                                    "forceString": "bool",
                                    "name": "string",
                                    "value": "string"
                                  }
                                ]
                              ],
                              "passCredentials": "bool",
                              "releaseName": "string",
                              "skipCrds": "bool",
                              "valueFiles": [
                                "list",
                                "string"
                              ],
                              "values": "string",
                              "valuesObject": "dynamic",
                              "version": "string"
                            }
                          ],
                          "kustomize": [
                            "object",
                            {
                              "commonAnnotations": [
                                "map",
                                "string"
                              ],
                              "commonAnnotationsEnvsubst": "bool",
                              "commonLabels": [
                                "map",
                                "string"
                              ],
                              "forceCommonAnnotations": "bool",
                              "forceCommonLabels": "bool",
                              "images": [
                                "list",
                                "string"
                              ],
                              "namePrefix": "string",
                              "nameSuffix": "string",
                              "namespace": "string",
                              "patches": [
                                "list",
                                [
                                  "object",
                                  {
                                    "options": [
                                      "map",
                                      "bool"
                                    ],
                                    "patch": "string",
                                    "path": "string",
                                    "target": [
                                      "object",
                                      {
                                        "annotationSelector": "string",
                                        "group": "string",
                                        "kind": "string",
                                        "labelSelector": "string",
                                        "name": "string",
                                        "namespace": "string",
                                        "version": "string"
                                      }
                                    ]
                                  }
                                ]
                              ],
                              "replicas": [
                                "list",
                                [
                                  "object",
                                  {
                                    "count": "string",
                                    "name": "string"
                                  }
                                ]
                              ],
                              "version": "string"
                            }
                          ],
                          "path": "string",
                          "plugin": [
                            "object",
                            {
                              "env": [
                                "list",
                                [
                                  "object",
                                  {
                                    "name": "string",
                                    "value": "string"
                                  }
                                ]
                              ],
                              "name": "string",
                              "parameters": [
                                "list",
                                [
                                  "object",
                                  {
                                    "array": [
                                      "list",
                                      "string"
                                    ],
                                    "map": [
                                      "map",
                                      "string"
                                    ],
                                    "name": "string",
                                    "string": "string"
                                  }
                                ]
                              ]
                            }
                          ],
                          "ref": "string",
                          "repoURL": "string",
                          "targetRevision": "string"
                        }
                      ],
                      "sources": [
                        "tuple",
                        [
                          [
                            "object",
                            {
                              "chart": "string",
                              "directory": [
                                "object",
                                {
                                  "exclude": "string",
                                  "include": "string",
                                  "jsonnet": [
                                    "object",
                                    {
                                      "extVars": [
                                        "list",
                                        [
                                          "object",
                                          {
                                            "code": "bool",
                                            "name": "string",
                                            "value": "string"
                                          }
                                        ]
                                      ],
                                      "libs": [
                                        "list",
                                        "string"
                                      ],
                                      "tlas": [
                                        "list",
                                        [
                                          "object",
                                          {
                                            "code": "bool",
                                            "name": "string",
                                            "value": "string"
                                          }
                                        ]
                                      ]
                                    }
                                  ],
                                  "recurse": "bool"
                                }
                              ],
                              "helm": [
                                "object",
                                {
                                  "fileParameters": [
                                    "list",
                                    [
                                      "object",
                                      {
                                        "name": "string",
                                        "path": "string"
                                      }
                                    ]
                                  ],
                                  "ignoreMissingValueFiles": "bool",
                                  "parameters": [
                                    "list",
                                    [
                                      "object",
                                      {
                                        "forceString": "bool",
                                        "name": "string",
                                        "value": "string"
                                      }
                                    ]
                                  ],
                                  "passCredentials": "bool",
                                  "releaseName": "string",
                                  "skipCrds": "bool",
                                  "valueFiles": [
                                    "list",
                                    "string"
                                  ],
                                  "values": "string",
                                  "valuesObject": "dynamic",
                                  "version": "string"
                                }
                              ],
                              "kustomize": [
                                "object",
                                {
                                  "commonAnnotations": [
                                    "map",
                                    "string"
                                  ],
                                  "commonAnnotationsEnvsubst": "bool",
                                  "commonLabels": [
                                    "map",
                                    "string"
                                  ],
                                  "forceCommonAnnotations": "bool",
                                  "forceCommonLabels": "bool",
                                  "images": [
                                    "list",
                                    "string"
                                  ],
                                  "namePrefix": "string",
                                  "nameSuffix": "string",
                                  "namespace": "string",
                                  "patches": [
                                    "list",
                                    [
                                      "object",
                                      {
                                        "options": [
                                          "map",
                                          "bool"
                                        ],
                                        "patch": "string",
                                        "path": "string",
                                        "target": [
                                          "object",
                                          {
                                            "annotationSelector": "string",
                                            "group": "string",
                                            "kind": "string",
                                            "labelSelector": "string",
                                            "name": "string",
                                            "namespace": "string",
                                            "version": "string"
                                          }
                                        ]
                                      }
                                    ]
                                  ],
                                  "replicas": [
                                    "list",
                                    [
                                      "object",
                                      {
                                        "count": "string",
                                        "name": "string"
                                      }
                                    ]
                                  ],
                                  "version": "string"
                                }
                              ],
                              "path": "string",
                              "plugin": [
                                "object",
                                {
                                  "env": [
                                    "list",
                                    [
                                      "object",
                                      {
                                        "name": "string",
                                        "value": "string"
                                      }
                                    ]
                                  ],
                                  "name": "string",
                                  "parameters": [
                                    "list",
                                    [
                                      "object",
                                      {
                                        "array": [
                                          "list",
                                          "string"
                                        ],
                                        "map": [
                                          "map",
                                          "string"
                                        ],
                                        "name": "string",
                                        "string": "string"
                                      }
                                    ]
                                  ]
                                }
                              ],
                              "ref": "string",
                              "repoURL": "string",
                              "targetRevision": "string"
                            }
                          ]
                        ]
                      ],
                      "syncPolicy": [
                        "object",
                        {
                          "automated": [
                            "object",
                            {
                              "allowEmpty": "bool",
                              "prune": "bool",
                              "selfHeal": "bool"
                            }
                          ],
                          "managedNamespaceMetadata": [
                            "object",
                            {
                              "annotations": [
                                "map",
                                "string"
                              ],
                              "labels": [
                                "map",
                                "string"
                              ]
                            }
                          ],
                          "retry": [
                            "object",
                            {
                              "backoff": [
                                "object",
                                {
                                  "duration": "string",
                                  "factor": "number",
                                  "maxDuration": "string"
                                }
                              ],
                              "limit": "number"
                            }
                          ],
                          "syncOptions": [
                            "list",
                            "string"
                          ]
                        }
                      ]
                    }
                  ]
                }
              ]
            },
            "timeouts": [],
            "wait": [],
            "wait_for": null
          },
          "sensitive_attributes": [],
          "identity_schema_version": 1,
          "identity": {
            "api_version": "argoproj.io/v1alpha1",
            "kind": "Application",
            "name": "platform-gitops",
            "namespace": "argocd"
          },
          "dependencies": [
            "helm_release.argocd"
          ]
        }
      ]
    },
    {
      "mode": "managed",
      "type": "kubernetes_manifest",
      "name": "argocd_http_ingressroute",
      "provider": "provider[\"registry.terraform.io/hashicorp/kubernetes\"]",
      "instances": [
        {
          "schema_version": 1,
          "attributes": {
            "computed_fields": null,
            "field_manager": [],
            "manifest": {
              "value": {
                "apiVersion": "traefik.io/v1alpha1",
                "kind": "IngressRoute",
                "metadata": {
                  "name": "argocd-http",
                  "namespace": "argocd"
                },
                "spec": {
                  "entryPoints": [
                    "web"
                  ],
                  "routes": [
                    {
                      "kind": "Rule",
                      "match": "Host(`argocd.lab.local`)",
                      "middlewares": [
                        {
                          "name": "argocd-https-redirect",
                          "namespace": "argocd"
                        }
                      ],
                      "services": [
                        {
                          "name": "argocd-server",
                          "port": 80
                        }
                      ]
                    }
                  ]
                }
              },
              "type": [
                "object",
                {
                  "apiVersion": "string",
                  "kind": "string",
                  "metadata": [
                    "object",
                    {
                      "name": "string",
                      "namespace": "string"
                    }
                  ],
                  "spec": [
                    "object",
                    {
                      "entryPoints": [
                        "tuple",
                        [
                          "string"
                        ]
                      ],
                      "routes": [
                        "tuple",
                        [
                          [
                            "object",
                            {
                              "kind": "string",
                              "match": "string",
                              "middlewares": [
                                "tuple",
                                [
                                  [
                                    "object",
                                    {
                                      "name": "string",
                                      "namespace": "string"
                                    }
                                  ]
                                ]
                              ],
                              "services": [
                                "tuple",
                                [
                                  [
                                    "object",
                                    {
                                      "name": "string",
                                      "port": "number"
                                    }
                                  ]
                                ]
                              ]
                            }
                          ]
                        ]
                      ]
                    }
                  ]
                }
              ]
            },
            "object": {
              "value": {
                "apiVersion": "traefik.io/v1alpha1",
                "kind": "IngressRoute",
                "metadata": {
                  "annotations": null,
                  "creationTimestamp": null,
                  "deletionGracePeriodSeconds": null,
                  "deletionTimestamp": null,
                  "finalizers": null,
                  "generateName": null,
                  "generation": null,
                  "labels": null,
                  "managedFields": null,
                  "name": "argocd-http",
                  "namespace": "argocd",
                  "ownerReferences": null,
                  "resourceVersion": null,
                  "selfLink": null,
                  "uid": null
                },
                "spec": {
                  "entryPoints": [
                    "web"
                  ],
                  "routes": [
                    {
                      "kind": "Rule",
                      "match": "Host(`argocd.lab.local`)",
                      "middlewares": [
                        {
                          "name": "argocd-https-redirect",
                          "namespace": "argocd"
                        }
                      ],
                      "observability": {
                        "accessLogs": null,
                        "metrics": null,
                        "traceVerbosity": null,
                        "tracing": null
                      },
                      "priority": null,
                      "services": [
                        {
                          "healthCheck": {
                            "followRedirects": null,
                            "headers": null,
                            "hostname": null,
                            "interval": null,
                            "method": null,
                            "mode": null,
                            "path": null,
                            "port": null,
                            "scheme": null,
                            "status": null,
                            "timeout": null,
                            "unhealthyInterval": null
                          },
                          "kind": null,
                          "name": "argocd-server",
                          "namespace": null,
                          "nativeLB": null,
                          "nodePortLB": null,
                          "passHostHeader": null,
                          "port": "80",
                          "responseForwarding": {
                            "flushInterval": null
                          },
                          "scheme": null,
                          "serversTransport": null,
                          "sticky": {
                            "cookie": {
                              "domain": null,
                              "httpOnly": null,
                              "maxAge": null,
                              "name": null,
                              "path": null,
                              "sameSite": null,
                              "secure": null
                            }
                          },
                          "strategy": null,
                          "weight": null
                        }
                      ],
                      "syntax": null
                    }
                  ],
                  "tls": {
                    "certResolver": null,
                    "domains": null,
                    "options": {
                      "name": null,
                      "namespace": null
                    },
                    "secretName": null,
                    "store": {
                      "name": null,
                      "namespace": null
                    }
                  }
                }
              },
              "type": [
                "object",
                {
                  "apiVersion": "string",
                  "kind": "string",
                  "metadata": [
                    "object",
                    {
                      "annotations": [
                        "map",
                        "string"
                      ],
                      "creationTimestamp": "string",
                      "deletionGracePeriodSeconds": "number",
                      "deletionTimestamp": "string",
                      "finalizers": [
                        "list",
                        "string"
                      ],
                      "generateName": "string",
                      "generation": "number",
                      "labels": [
                        "map",
                        "string"
                      ],
                      "managedFields": [
                        "tuple",
                        [
                          [
                            "object",
                            {
                              "apiVersion": "string",
                              "fieldsType": "string",
                              "fieldsV1": "dynamic",
                              "manager": "string",
                              "operation": "string",
                              "subresource": "string",
                              "time": "string"
                            }
                          ]
                        ]
                      ],
                      "name": "string",
                      "namespace": "string",
                      "ownerReferences": [
                        "list",
                        [
                          "object",
                          {
                            "apiVersion": "string",
                            "blockOwnerDeletion": "bool",
                            "controller": "bool",
                            "kind": "string",
                            "name": "string",
                            "uid": "string"
                          }
                        ]
                      ],
                      "resourceVersion": "string",
                      "selfLink": "string",
                      "uid": "string"
                    }
                  ],
                  "spec": [
                    "object",
                    {
                      "entryPoints": [
                        "list",
                        "string"
                      ],
                      "routes": [
                        "list",
                        [
                          "object",
                          {
                            "kind": "string",
                            "match": "string",
                            "middlewares": [
                              "list",
                              [
                                "object",
                                {
                                  "name": "string",
                                  "namespace": "string"
                                }
                              ]
                            ],
                            "observability": [
                              "object",
                              {
                                "accessLogs": "bool",
                                "metrics": "bool",
                                "traceVerbosity": "string",
                                "tracing": "bool"
                              }
                            ],
                            "priority": "number",
                            "services": [
                              "list",
                              [
                                "object",
                                {
                                  "healthCheck": [
                                    "object",
                                    {
                                      "followRedirects": "bool",
                                      "headers": [
                                        "map",
                                        "string"
                                      ],
                                      "hostname": "string",
                                      "interval": "string",
                                      "method": "string",
                                      "mode": "string",
                                      "path": "string",
                                      "port": "number",
                                      "scheme": "string",
                                      "status": "number",
                                      "timeout": "string",
                                      "unhealthyInterval": "string"
                                    }
                                  ],
                                  "kind": "string",
                                  "name": "string",
                                  "namespace": "string",
                                  "nativeLB": "bool",
                                  "nodePortLB": "bool",
                                  "passHostHeader": "bool",
                                  "port": "string",
                                  "responseForwarding": [
                                    "object",
                                    {
                                      "flushInterval": "string"
                                    }
                                  ],
                                  "scheme": "string",
                                  "serversTransport": "string",
                                  "sticky": [
                                    "object",
                                    {
                                      "cookie": [
                                        "object",
                                        {
                                          "domain": "string",
                                          "httpOnly": "bool",
                                          "maxAge": "number",
                                          "name": "string",
                                          "path": "string",
                                          "sameSite": "string",
                                          "secure": "bool"
                                        }
                                      ]
                                    }
                                  ],
                                  "strategy": "string",
                                  "weight": "number"
                                }
                              ]
                            ],
                            "syntax": "string"
                          }
                        ]
                      ],
                      "tls": [
                        "object",
                        {
                          "certResolver": "string",
                          "domains": [
                            "list",
                            [
                              "object",
                              {
                                "main": "string",
                                "sans": [
                                  "list",
                                  "string"
                                ]
                              }
                            ]
                          ],
                          "options": [
                            "object",
                            {
                              "name": "string",
                              "namespace": "string"
                            }
                          ],
                          "secretName": "string",
                          "store": [
                            "object",
                            {
                              "name": "string",
                              "namespace": "string"
                            }
                          ]
                        }
                      ]
                    }
                  ]
                }
              ]
            },
            "timeouts": [],
            "wait": [],
            "wait_for": null
          },
          "sensitive_attributes": [],
          "identity_schema_version": 1,
          "identity": {
            "api_version": "traefik.io/v1alpha1",
            "kind": "IngressRoute",
            "name": "argocd-http",
            "namespace": "argocd"
          },
          "dependencies": [
            "helm_release.argocd"
          ]
        }
      ]
    },
    {
      "mode": "managed",
      "type": "kubernetes_manifest",
      "name": "argocd_https_ingressroute",
      "provider": "provider[\"registry.terraform.io/hashicorp/kubernetes\"]",
      "instances": [
        {
          "schema_version": 1,
          "attributes": {
            "computed_fields": null,
            "field_manager": [],
            "manifest": {
              "value": {
                "apiVersion": "traefik.io/v1alpha1",
                "kind": "IngressRoute",
                "metadata": {
                  "name": "argocd",
                  "namespace": "argocd"
                },
                "spec": {
                  "entryPoints": [
                    "websecure"
                  ],
                  "routes": [
                    {
                      "kind": "Rule",
                      "match": "Host(`argocd.lab.local`)",
                      "services": [
                        {
                          "name": "argocd-server",
                          "port": 80
                        }
                      ]
                    }
                  ],
                  "tls": {
                    "secretName": "argocd-server-tls"
                  }
                }
              },
              "type": [
                "object",
                {
                  "apiVersion": "string",
                  "kind": "string",
                  "metadata": [
                    "object",
                    {
                      "name": "string",
                      "namespace": "string"
                    }
                  ],
                  "spec": [
                    "object",
                    {
                      "entryPoints": [
                        "tuple",
                        [
                          "string"
                        ]
                      ],
                      "routes": [
                        "tuple",
                        [
                          [
                            "object",
                            {
                              "kind": "string",
                              "match": "string",
                              "services": [
                                "tuple",
                                [
                                  [
                                    "object",
                                    {
                                      "name": "string",
                                      "port": "number"
                                    }
                                  ]
                                ]
                              ]
                            }
                          ]
                        ]
                      ],
                      "tls": [
                        "object",
                        {
                          "secretName": "string"
                        }
                      ]
                    }
                  ]
                }
              ]
            },
            "object": {
              "value": {
                "apiVersion": "traefik.io/v1alpha1",
                "kind": "IngressRoute",
                "metadata": {
                  "annotations": null,
                  "creationTimestamp": null,
                  "deletionGracePeriodSeconds": null,
                  "deletionTimestamp": null,
                  "finalizers": null,
                  "generateName": null,
                  "generation": null,
                  "labels": null,
                  "managedFields": null,
                  "name": "argocd",
                  "namespace": "argocd",
                  "ownerReferences": null,
                  "resourceVersion": null,
                  "selfLink": null,
                  "uid": null
                },
                "spec": {
                  "entryPoints": [
                    "websecure"
                  ],
                  "routes": [
                    {
                      "kind": "Rule",
                      "match": "Host(`argocd.lab.local`)",
                      "middlewares": null,
                      "observability": {
                        "accessLogs": null,
                        "metrics": null,
                        "traceVerbosity": null,
                        "tracing": null
                      },
                      "priority": null,
                      "services": [
                        {
                          "healthCheck": {
                            "followRedirects": null,
                            "headers": null,
                            "hostname": null,
                            "interval": null,
                            "method": null,
                            "mode": null,
                            "path": null,
                            "port": null,
                            "scheme": null,
                            "status": null,
                            "timeout": null,
                            "unhealthyInterval": null
                          },
                          "kind": null,
                          "name": "argocd-server",
                          "namespace": null,
                          "nativeLB": null,
                          "nodePortLB": null,
                          "passHostHeader": null,
                          "port": "80",
                          "responseForwarding": {
                            "flushInterval": null
                          },
                          "scheme": null,
                          "serversTransport": null,
                          "sticky": {
                            "cookie": {
                              "domain": null,
                              "httpOnly": null,
                              "maxAge": null,
                              "name": null,
                              "path": null,
                              "sameSite": null,
                              "secure": null
                            }
                          },
                          "strategy": null,
                          "weight": null
                        }
                      ],
                      "syntax": null
                    }
                  ],
                  "tls": {
                    "certResolver": null,
                    "domains": null,
                    "options": {
                      "name": null,
                      "namespace": null
                    },
                    "secretName": "argocd-server-tls",
                    "store": {
                      "name": null,
                      "namespace": null
                    }
                  }
                }
              },
              "type": [
                "object",
                {
                  "apiVersion": "string",
                  "kind": "string",
                  "metadata": [
                    "object",
                    {
                      "annotations": [
                        "map",
                        "string"
                      ],
                      "creationTimestamp": "string",
                      "deletionGracePeriodSeconds": "number",
                      "deletionTimestamp": "string",
                      "finalizers": [
                        "list",
                        "string"
                      ],
                      "generateName": "string",
                      "generation": "number",
                      "labels": [
                        "map",
                        "string"
                      ],
                      "managedFields": [
                        "tuple",
                        [
                          [
                            "object",
                            {
                              "apiVersion": "string",
                              "fieldsType": "string",
                              "fieldsV1": "dynamic",
                              "manager": "string",
                              "operation": "string",
                              "subresource": "string",
                              "time": "string"
                            }
                          ]
                        ]
                      ],
                      "name": "string",
                      "namespace": "string",
                      "ownerReferences": [
                        "list",
                        [
                          "object",
                          {
                            "apiVersion": "string",
                            "blockOwnerDeletion": "bool",
                            "controller": "bool",
                            "kind": "string",
                            "name": "string",
                            "uid": "string"
                          }
                        ]
                      ],
                      "resourceVersion": "string",
                      "selfLink": "string",
                      "uid": "string"
                    }
                  ],
                  "spec": [
                    "object",
                    {
                      "entryPoints": [
                        "list",
                        "string"
                      ],
                      "routes": [
                        "list",
                        [
                          "object",
                          {
                            "kind": "string",
                            "match": "string",
                            "middlewares": [
                              "list",
                              [
                                "object",
                                {
                                  "name": "string",
                                  "namespace": "string"
                                }
                              ]
                            ],
                            "observability": [
                              "object",
                              {
                                "accessLogs": "bool",
                                "metrics": "bool",
                                "traceVerbosity": "string",
                                "tracing": "bool"
                              }
                            ],
                            "priority": "number",
                            "services": [
                              "list",
                              [
                                "object",
                                {
                                  "healthCheck": [
                                    "object",
                                    {
                                      "followRedirects": "bool",
                                      "headers": [
                                        "map",
                                        "string"
                                      ],
                                      "hostname": "string",
                                      "interval": "string",
                                      "method": "string",
                                      "mode": "string",
                                      "path": "string",
                                      "port": "number",
                                      "scheme": "string",
                                      "status": "number",
                                      "timeout": "string",
                                      "unhealthyInterval": "string"
                                    }
                                  ],
                                  "kind": "string",
                                  "name": "string",
                                  "namespace": "string",
                                  "nativeLB": "bool",
                                  "nodePortLB": "bool",
                                  "passHostHeader": "bool",
                                  "port": "string",
                                  "responseForwarding": [
                                    "object",
                                    {
                                      "flushInterval": "string"
                                    }
                                  ],
                                  "scheme": "string",
                                  "serversTransport": "string",
                                  "sticky": [
                                    "object",
                                    {
                                      "cookie": [
                                        "object",
                                        {
                                          "domain": "string",
                                          "httpOnly": "bool",
                                          "maxAge": "number",
                                          "name": "string",
                                          "path": "string",
                                          "sameSite": "string",
                                          "secure": "bool"
                                        }
                                      ]
                                    }
                                  ],
                                  "strategy": "string",
                                  "weight": "number"
                                }
                              ]
                            ],
                            "syntax": "string"
                          }
                        ]
                      ],
                      "tls": [
                        "object",
                        {
                          "certResolver": "string",
                          "domains": [
                            "list",
                            [
                              "object",
                              {
                                "main": "string",
                                "sans": [
                                  "list",
                                  "string"
                                ]
                              }
                            ]
                          ],
                          "options": [
                            "object",
                            {
                              "name": "string",
                              "namespace": "string"
                            }
                          ],
                          "secretName": "string",
                          "store": [
                            "object",
                            {
                              "name": "string",
                              "namespace": "string"
                            }
                          ]
                        }
                      ]
                    }
                  ]
                }
              ]
            },
            "timeouts": [],
            "wait": [],
            "wait_for": null
          },
          "sensitive_attributes": [],
          "identity_schema_version": 1,
          "identity": {
            "api_version": "traefik.io/v1alpha1",
            "kind": "IngressRoute",
            "name": "argocd",
            "namespace": "argocd"
          },
          "dependencies": [
            "helm_release.argocd",
            "kubernetes_secret.argocd_tls",
            "tls_cert_request.argocd_server",
            "tls_locally_signed_cert.argocd_server",
            "tls_private_key.argocd_ca",
            "tls_private_key.argocd_server",
            "tls_self_signed_cert.argocd_ca"
          ]
        }
      ]
    },
    {
      "mode": "managed",
      "type": "kubernetes_manifest",
      "name": "argocd_redirect",
      "provider": "provider[\"registry.terraform.io/hashicorp/kubernetes\"]",
      "instances": [
        {
          "schema_version": 1,
          "attributes": {
            "computed_fields": null,
            "field_manager": [],
            "manifest": {
              "value": {
                "apiVersion": "traefik.io/v1alpha1",
                "kind": "Middleware",
                "metadata": {
                  "name": "argocd-https-redirect",
                  "namespace": "argocd"
                },
                "spec": {
                  "redirectScheme": {
                    "port": "8443",
                    "scheme": "https"
                  }
                }
              },
              "type": [
                "object",
                {
                  "apiVersion": "string",
                  "kind": "string",
                  "metadata": [
                    "object",
                    {
                      "name": "string",
                      "namespace": "string"
                    }
                  ],
                  "spec": [
                    "object",
                    {
                      "redirectScheme": [
                        "object",
                        {
                          "port": "string",
                          "scheme": "string"
                        }
                      ]
                    }
                  ]
                }
              ]
            },
            "object": {
              "value": {
                "apiVersion": "traefik.io/v1alpha1",
                "kind": "Middleware",
                "metadata": {
                  "annotations": null,
                  "creationTimestamp": null,
                  "deletionGracePeriodSeconds": null,
                  "deletionTimestamp": null,
                  "finalizers": null,
                  "generateName": null,
                  "generation": null,
                  "labels": null,
                  "managedFields": null,
                  "name": "argocd-https-redirect",
                  "namespace": "argocd",
                  "ownerReferences": null,
                  "resourceVersion": null,
                  "selfLink": null,
                  "uid": null
                },
                "spec": {
                  "addPrefix": {
                    "prefix": null
                  },
                  "basicAuth": {
                    "headerField": null,
                    "realm": null,
                    "removeHeader": null,
                    "secret": null
                  },
                  "buffering": {
                    "maxRequestBodyBytes": null,
                    "maxResponseBodyBytes": null,
                    "memRequestBodyBytes": null,
                    "memResponseBodyBytes": null,
                    "retryExpression": null
                  },
                  "chain": {
                    "middlewares": null
                  },
                  "circuitBreaker": {
                    "checkPeriod": null,
                    "expression": null,
                    "fallbackDuration": null,
                    "recoveryDuration": null,
                    "responseCode": null
                  },
                  "compress": {
                    "defaultEncoding": null,
                    "encodings": null,
                    "excludedContentTypes": null,
                    "includedContentTypes": null,
                    "minResponseBodyBytes": null
                  },
                  "contentType": {
                    "autoDetect": null
                  },
                  "digestAuth": {
                    "headerField": null,
                    "realm": null,
                    "removeHeader": null,
                    "secret": null
                  },
                  "errors": {
                    "query": null,
                    "service": {
                      "healthCheck": {
                        "followRedirects": null,
                        "headers": null,
                        "hostname": null,
                        "interval": null,
                        "method": null,
                        "mode": null,
                        "path": null,
                        "port": null,
                        "scheme": null,
                        "status": null,
                        "timeout": null,
                        "unhealthyInterval": null
                      },
                      "kind": null,
                      "name": null,
                      "namespace": null,
                      "nativeLB": null,
                      "nodePortLB": null,
                      "passHostHeader": null,
                      "port": null,
                      "responseForwarding": {
                        "flushInterval": null
                      },
                      "scheme": null,
                      "serversTransport": null,
                      "sticky": {
                        "cookie": {
                          "domain": null,
                          "httpOnly": null,
                          "maxAge": null,
                          "name": null,
                          "path": null,
                          "sameSite": null,
                          "secure": null
                        }
                      },
                      "strategy": null,
                      "weight": null
                    },
                    "status": null,
                    "statusRewrites": null
                  },
                  "forwardAuth": {
                    "addAuthCookiesToResponse": null,
                    "address": null,
                    "authRequestHeaders": null,
                    "authResponseHeaders": null,
                    "authResponseHeadersRegex": null,
                    "forwardBody": null,
                    "headerField": null,
                    "maxBodySize": null,
                    "preserveLocationHeader": null,
                    "preserveRequestMethod": null,
                    "tls": {
                      "caOptional": null,
                      "caSecret": null,
                      "certSecret": null,
                      "insecureSkipVerify": null
                    },
                    "trustForwardHeader": null
                  },
                  "grpcWeb": {
                    "allowOrigins": null
                  },
                  "headers": {
                    "accessControlAllowCredentials": null,
                    "accessControlAllowHeaders": null,
                    "accessControlAllowMethods": null,
                    "accessControlAllowOriginList": null,
                    "accessControlAllowOriginListRegex": null,
                    "accessControlExposeHeaders": null,
                    "accessControlMaxAge": null,
                    "addVaryHeader": null,
                    "allowedHosts": null,
                    "browserXssFilter": null,
                    "contentSecurityPolicy": null,
                    "contentSecurityPolicyReportOnly": null,
                    "contentTypeNosniff": null,
                    "customBrowserXSSValue": null,
                    "customFrameOptionsValue": null,
                    "customRequestHeaders": null,
                    "customResponseHeaders": null,
                    "featurePolicy": null,
                    "forceSTSHeader": null,
                    "frameDeny": null,
                    "hostsProxyHeaders": null,
                    "isDevelopment": null,
                    "permissionsPolicy": null,
                    "publicKey": null,
                    "referrerPolicy": null,
                    "sslForceHost": null,
                    "sslHost": null,
                    "sslProxyHeaders": null,
                    "sslRedirect": null,
                    "sslTemporaryRedirect": null,
                    "stsIncludeSubdomains": null,
                    "stsPreload": null,
                    "stsSeconds": null
                  },
                  "inFlightReq": {
                    "amount": null,
                    "sourceCriterion": {
                      "ipStrategy": {
                        "depth": null,
                        "excludedIPs": null,
                        "ipv6Subnet": null
                      },
                      "requestHeaderName": null,
                      "requestHost": null
                    }
                  },
                  "ipAllowList": {
                    "ipStrategy": {
                      "depth": null,
                      "excludedIPs": null,
                      "ipv6Subnet": null
                    },
                    "rejectStatusCode": null,
                    "sourceRange": null
                  },
                  "ipWhiteList": {
                    "ipStrategy": {
                      "depth": null,
                      "excludedIPs": null,
                      "ipv6Subnet": null
                    },
                    "sourceRange": null
                  },
                  "passTLSClientCert": {
                    "info": {
                      "issuer": {
                        "commonName": null,
                        "country": null,
                        "domainComponent": null,
                        "locality": null,
                        "organization": null,
                        "province": null,
                        "serialNumber": null
                      },
                      "notAfter": null,
                      "notBefore": null,
                      "sans": null,
                      "serialNumber": null,
                      "subject": {
                        "commonName": null,
                        "country": null,
                        "domainComponent": null,
                        "locality": null,
                        "organization": null,
                        "organizationalUnit": null,
                        "province": null,
                        "serialNumber": null
                      }
                    },
                    "pem": null
                  },
                  "plugin": null,
                  "rateLimit": {
                    "average": null,
                    "burst": null,
                    "period": null,
                    "redis": {
                      "db": null,
                      "dialTimeout": null,
                      "endpoints": null,
                      "maxActiveConns": null,
                      "minIdleConns": null,
                      "poolSize": null,
                      "readTimeout": null,
                      "secret": null,
                      "tls": {
                        "caSecret": null,
                        "certSecret": null,
                        "insecureSkipVerify": null
                      },
                      "writeTimeout": null
                    },
                    "sourceCriterion": {
                      "ipStrategy": {
                        "depth": null,
                        "excludedIPs": null,
                        "ipv6Subnet": null
                      },
                      "requestHeaderName": null,
                      "requestHost": null
                    }
                  },
                  "redirectRegex": {
                    "permanent": null,
                    "regex": null,
                    "replacement": null
                  },
                  "redirectScheme": {
                    "permanent": null,
                    "port": "8443",
                    "scheme": "https"
                  },
                  "replacePath": {
                    "path": null
                  },
                  "replacePathRegex": {
                    "regex": null,
                    "replacement": null
                  },
                  "retry": {
                    "attempts": null,
                    "initialInterval": null
                  },
                  "stripPrefix": {
                    "forceSlash": null,
                    "prefixes": null
                  },
                  "stripPrefixRegex": {
                    "regex": null
                  }
                }
              },
              "type": [
                "object",
                {
                  "apiVersion": "string",
                  "kind": "string",
                  "metadata": [
                    "object",
                    {
                      "annotations": [
                        "map",
                        "string"
                      ],
                      "creationTimestamp": "string",
                      "deletionGracePeriodSeconds": "number",
                      "deletionTimestamp": "string",
                      "finalizers": [
                        "list",
                        "string"
                      ],
                      "generateName": "string",
                      "generation": "number",
                      "labels": [
                        "map",
                        "string"
                      ],
                      "managedFields": [
                        "tuple",
                        [
                          [
                            "object",
                            {
                              "apiVersion": "string",
                              "fieldsType": "string",
                              "fieldsV1": "dynamic",
                              "manager": "string",
                              "operation": "string",
                              "subresource": "string",
                              "time": "string"
                            }
                          ]
                        ]
                      ],
                      "name": "string",
                      "namespace": "string",
                      "ownerReferences": [
                        "list",
                        [
                          "object",
                          {
                            "apiVersion": "string",
                            "blockOwnerDeletion": "bool",
                            "controller": "bool",
                            "kind": "string",
                            "name": "string",
                            "uid": "string"
                          }
                        ]
                      ],
                      "resourceVersion": "string",
                      "selfLink": "string",
                      "uid": "string"
                    }
                  ],
                  "spec": [
                    "object",
                    {
                      "addPrefix": [
                        "object",
                        {
                          "prefix": "string"
                        }
                      ],
                      "basicAuth": [
                        "object",
                        {
                          "headerField": "string",
                          "realm": "string",
                          "removeHeader": "bool",
                          "secret": "string"
                        }
                      ],
                      "buffering": [
                        "object",
                        {
                          "maxRequestBodyBytes": "number",
                          "maxResponseBodyBytes": "number",
                          "memRequestBodyBytes": "number",
                          "memResponseBodyBytes": "number",
                          "retryExpression": "string"
                        }
                      ],
                      "chain": [
                        "object",
                        {
                          "middlewares": [
                            "list",
                            [
                              "object",
                              {
                                "name": "string",
                                "namespace": "string"
                              }
                            ]
                          ]
                        }
                      ],
                      "circuitBreaker": [
                        "object",
                        {
                          "checkPeriod": "string",
                          "expression": "string",
                          "fallbackDuration": "string",
                          "recoveryDuration": "string",
                          "responseCode": "number"
                        }
                      ],
                      "compress": [
                        "object",
                        {
                          "defaultEncoding": "string",
                          "encodings": [
                            "list",
                            "string"
                          ],
                          "excludedContentTypes": [
                            "list",
                            "string"
                          ],
                          "includedContentTypes": [
                            "list",
                            "string"
                          ],
                          "minResponseBodyBytes": "number"
                        }
                      ],
                      "contentType": [
                        "object",
                        {
                          "autoDetect": "bool"
                        }
                      ],
                      "digestAuth": [
                        "object",
                        {
                          "headerField": "string",
                          "realm": "string",
                          "removeHeader": "bool",
                          "secret": "string"
                        }
                      ],
                      "errors": [
                        "object",
                        {
                          "query": "string",
                          "service": [
                            "object",
                            {
                              "healthCheck": [
                                "object",
                                {
                                  "followRedirects": "bool",
                                  "headers": [
                                    "map",
                                    "string"
                                  ],
                                  "hostname": "string",
                                  "interval": "string",
                                  "method": "string",
                                  "mode": "string",
                                  "path": "string",
                                  "port": "number",
                                  "scheme": "string",
                                  "status": "number",
                                  "timeout": "string",
                                  "unhealthyInterval": "string"
                                }
                              ],
                              "kind": "string",
                              "name": "string",
                              "namespace": "string",
                              "nativeLB": "bool",
                              "nodePortLB": "bool",
                              "passHostHeader": "bool",
                              "port": "string",
                              "responseForwarding": [
                                "object",
                                {
                                  "flushInterval": "string"
                                }
                              ],
                              "scheme": "string",
                              "serversTransport": "string",
                              "sticky": [
                                "object",
                                {
                                  "cookie": [
                                    "object",
                                    {
                                      "domain": "string",
                                      "httpOnly": "bool",
                                      "maxAge": "number",
                                      "name": "string",
                                      "path": "string",
                                      "sameSite": "string",
                                      "secure": "bool"
                                    }
                                  ]
                                }
                              ],
                              "strategy": "string",
                              "weight": "number"
                            }
                          ],
                          "status": [
                            "list",
                            "string"
                          ],
                          "statusRewrites": [
                            "map",
                            "number"
                          ]
                        }
                      ],
                      "forwardAuth": [
                        "object",
                        {
                          "addAuthCookiesToResponse": [
                            "list",
                            "string"
                          ],
                          "address": "string",
                          "authRequestHeaders": [
                            "list",
                            "string"
                          ],
                          "authResponseHeaders": [
                            "list",
                            "string"
                          ],
                          "authResponseHeadersRegex": "string",
                          "forwardBody": "bool",
                          "headerField": "string",
                          "maxBodySize": "number",
                          "preserveLocationHeader": "bool",
                          "preserveRequestMethod": "bool",
                          "tls": [
                            "object",
                            {
                              "caOptional": "bool",
                              "caSecret": "string",
                              "certSecret": "string",
                              "insecureSkipVerify": "bool"
                            }
                          ],
                          "trustForwardHeader": "bool"
                        }
                      ],
                      "grpcWeb": [
                        "object",
                        {
                          "allowOrigins": [
                            "list",
                            "string"
                          ]
                        }
                      ],
                      "headers": [
                        "object",
                        {
                          "accessControlAllowCredentials": "bool",
                          "accessControlAllowHeaders": [
                            "list",
                            "string"
                          ],
                          "accessControlAllowMethods": [
                            "list",
                            "string"
                          ],
                          "accessControlAllowOriginList": [
                            "list",
                            "string"
                          ],
                          "accessControlAllowOriginListRegex": [
                            "list",
                            "string"
                          ],
                          "accessControlExposeHeaders": [
                            "list",
                            "string"
                          ],
                          "accessControlMaxAge": "number",
                          "addVaryHeader": "bool",
                          "allowedHosts": [
                            "list",
                            "string"
                          ],
                          "browserXssFilter": "bool",
                          "contentSecurityPolicy": "string",
                          "contentSecurityPolicyReportOnly": "string",
                          "contentTypeNosniff": "bool",
                          "customBrowserXSSValue": "string",
                          "customFrameOptionsValue": "string",
                          "customRequestHeaders": [
                            "map",
                            "string"
                          ],
                          "customResponseHeaders": [
                            "map",
                            "string"
                          ],
                          "featurePolicy": "string",
                          "forceSTSHeader": "bool",
                          "frameDeny": "bool",
                          "hostsProxyHeaders": [
                            "list",
                            "string"
                          ],
                          "isDevelopment": "bool",
                          "permissionsPolicy": "string",
                          "publicKey": "string",
                          "referrerPolicy": "string",
                          "sslForceHost": "bool",
                          "sslHost": "string",
                          "sslProxyHeaders": [
                            "map",
                            "string"
                          ],
                          "sslRedirect": "bool",
                          "sslTemporaryRedirect": "bool",
                          "stsIncludeSubdomains": "bool",
                          "stsPreload": "bool",
                          "stsSeconds": "number"
                        }
                      ],
                      "inFlightReq": [
                        "object",
                        {
                          "amount": "number",
                          "sourceCriterion": [
                            "object",
                            {
                              "ipStrategy": [
                                "object",
                                {
                                  "depth": "number",
                                  "excludedIPs": [
                                    "list",
                                    "string"
                                  ],
                                  "ipv6Subnet": "number"
                                }
                              ],
                              "requestHeaderName": "string",
                              "requestHost": "bool"
                            }
                          ]
                        }
                      ],
                      "ipAllowList": [
                        "object",
                        {
                          "ipStrategy": [
                            "object",
                            {
                              "depth": "number",
                              "excludedIPs": [
                                "list",
                                "string"
                              ],
                              "ipv6Subnet": "number"
                            }
                          ],
                          "rejectStatusCode": "number",
                          "sourceRange": [
                            "list",
                            "string"
                          ]
                        }
                      ],
                      "ipWhiteList": [
                        "object",
                        {
                          "ipStrategy": [
                            "object",
                            {
                              "depth": "number",
                              "excludedIPs": [
                                "list",
                                "string"
                              ],
                              "ipv6Subnet": "number"
                            }
                          ],
                          "sourceRange": [
                            "list",
                            "string"
                          ]
                        }
                      ],
                      "passTLSClientCert": [
                        "object",
                        {
                          "info": [
                            "object",
                            {
                              "issuer": [
                                "object",
                                {
                                  "commonName": "bool",
                                  "country": "bool",
                                  "domainComponent": "bool",
                                  "locality": "bool",
                                  "organization": "bool",
                                  "province": "bool",
                                  "serialNumber": "bool"
                                }
                              ],
                              "notAfter": "bool",
                              "notBefore": "bool",
                              "sans": "bool",
                              "serialNumber": "bool",
                              "subject": [
                                "object",
                                {
                                  "commonName": "bool",
                                  "country": "bool",
                                  "domainComponent": "bool",
                                  "locality": "bool",
                                  "organization": "bool",
                                  "organizationalUnit": "bool",
                                  "province": "bool",
                                  "serialNumber": "bool"
                                }
                              ]
                            }
                          ],
                          "pem": "bool"
                        }
                      ],
                      "plugin": [
                        "map",
                        "dynamic"
                      ],
                      "rateLimit": [
                        "object",
                        {
                          "average": "number",
                          "burst": "number",
                          "period": "string",
                          "redis": [
                            "object",
                            {
                              "db": "number",
                              "dialTimeout": "string",
                              "endpoints": [
                                "list",
                                "string"
                              ],
                              "maxActiveConns": "number",
                              "minIdleConns": "number",
                              "poolSize": "number",
                              "readTimeout": "string",
                              "secret": "string",
                              "tls": [
                                "object",
                                {
                                  "caSecret": "string",
                                  "certSecret": "string",
                                  "insecureSkipVerify": "bool"
                                }
                              ],
                              "writeTimeout": "string"
                            }
                          ],
                          "sourceCriterion": [
                            "object",
                            {
                              "ipStrategy": [
                                "object",
                                {
                                  "depth": "number",
                                  "excludedIPs": [
                                    "list",
                                    "string"
                                  ],
                                  "ipv6Subnet": "number"
                                }
                              ],
                              "requestHeaderName": "string",
                              "requestHost": "bool"
                            }
                          ]
                        }
                      ],
                      "redirectRegex": [
                        "object",
                        {
                          "permanent": "bool",
                          "regex": "string",
                          "replacement": "string"
                        }
                      ],
                      "redirectScheme": [
                        "object",
                        {
                          "permanent": "bool",
                          "port": "string",
                          "scheme": "string"
                        }
                      ],
                      "replacePath": [
                        "object",
                        {
                          "path": "string"
                        }
                      ],
                      "replacePathRegex": [
                        "object",
                        {
                          "regex": "string",
                          "replacement": "string"
                        }
                      ],
                      "retry": [
                        "object",
                        {
                          "attempts": "number",
                          "initialInterval": "string"
                        }
                      ],
                      "stripPrefix": [
                        "object",
                        {
                          "forceSlash": "bool",
                          "prefixes": [
                            "list",
                            "string"
                          ]
                        }
                      ],
                      "stripPrefixRegex": [
                        "object",
                        {
                          "regex": [
                            "list",
                            "string"
                          ]
                        }
                      ]
                    }
                  ]
                }
              ]
            },
            "timeouts": [],
            "wait": [],
            "wait_for": null
          },
          "sensitive_attributes": [],
          "identity_schema_version": 1,
          "identity": {
            "api_version": "traefik.io/v1alpha1",
            "kind": "Middleware",
            "name": "argocd-https-redirect",
            "namespace": "argocd"
          },
          "dependencies": [
            "helm_release.argocd"
          ]
        }
      ]
    },
    {
      "mode": "managed",
      "type": "kubernetes_secret",
      "name": "argocd_ca",
      "provider": "provider[\"registry.terraform.io/hashicorp/kubernetes\"]",
      "instances": [
        {
          "schema_version": 0,
          "attributes": {
            "binary_data": null,
            "binary_data_wo": null,
            "binary_data_wo_revision": null,
            "data": {
              "ca.crt": "-----BEGIN CERTIFICATE-----\nMIIFRTCCAy2gAwIBAgIRAMHA865LYA/tjSvrkew9hsEwDQYJKoZIhvcNAQELBQAw\nPDETMBEGA1UEChMKZGF0YS1zdGFjazElMCMGA1UEAxMcZGF0YS1zdGFjay1sYWIt\naW50ZXJuYWwtcm9vdDAeFw0yNTExMjQwMDQ3MzZaFw0yNjExMjQwMDQ3MzZaMDwx\nEzARBgNVBAoTCmRhdGEtc3RhY2sxJTAjBgNVBAMTHGRhdGEtc3RhY2stbGFiLWlu\ndGVybmFsLXJvb3QwggIiMA0GCSqGSIb3DQEBAQUAA4ICDwAwggIKAoICAQDNrtmZ\nNU2dYLtzNXtZzQA8UB3Rau/SQ464bOj4Q+O6T5JXBxXp+BUEbjb9FGoS6wPQLq2v\n5Xyn+lPuWdw+3q3zIfXSlUiVqR2+gJ1wVnOsj3HcjdOH/Rj3UyJUumy3ntWgQHKO\ndXkk+LN8xS29n5rpqBj4Y6vDzzgc6Un0Ap1ehX47ryCMo7827uPq0li9whKy82/Q\nx0MkPODtCWqfrSAMHX9LXvQe0Pq2ZoDw8EyaQGdntFEX9Mhb9YqddkNU3CB/J0yL\nVMpevsAk1U0fx4n7lqP4mwKHh4oK9yripw2mE9NTT42TKMIV/MWmIRPujeAKfz6L\nDS/d8mcx7bt4iRcOMvGQGm1MWvehhHYxkkdynTL35VsAJyJ/m8Fn3WJE3kOzPNkm\n7PPfeX40CrsE/hEXYUnLcHLewuaFRZ4qLKJ1zj1fapDfmPTvJEkF8cQGvdszGeQS\nf/zHzrfq9XQPXTOGngRTAzO1pZ4KYMktIlpS08ySyayTcDpAN8ff721W/xPFKfBK\ncnST/WnIWj4Ce5V2y908DIoKvoEVW7udFrPy2yOe+LhWvWHReoblutTQ432/KGPw\ncm8YCBZGXHwbXPozJk5mlG2+Us4CSa0tYJizUOU3HcUq1yLoozPvfzjGFPd/keZz\nINbo6xvy46HKy8loTvXX88a2omZt0ChaY1gw9QIDAQABo0IwQDAOBgNVHQ8BAf8E\nBAMCASYwDwYDVR0TAQH/BAUwAwEB/zAdBgNVHQ4EFgQU/vyi2T3R51B/BL5bAjfA\nU6uGbPAwDQYJKoZIhvcNAQELBQADggIBAJ/N2DhZMTEutlluIMhkuRkf+0HhX4eg\noEdsMdOC+KP6wAFrisaCRTEERwAm/++XhSljpoKcnDQru65AVTCxbJEtaXEC/rU/\nk2r0cymReh9KVcEci6QLz9RNilOsHNtESyaCDgbzIOz/Ie0NfK5UaVlX/lc6DxlK\nhcC+0D10yZEbllt+JM44uVQ36fC6NFbbf6VhdfaC0UN02ZckPFKh7385MEjuWzT1\nOE6jA6LGbK9ES6FovJqrb3sHtpxiX0DYd/o/w4aVTgAJgJvV7HvIbmZEmwgeiBKD\nDlAOTOFghaymNz1r1r3PWu1oIB9AnSglVNFcZuCMIDnAh64YN4I6fL1892YO4N52\nfgSqQ+iRUAb0X5O7gnAJTv5z4ll/ClElHxy5PN8Ffyyg0uFu58L1MwYAwi8rIJV9\ngFz9THp/NNdg54zYvdC8F1ooyzjgHTIPd8U+6YtPDGJwM4Ml9FxqAgLZ8nNpSmxF\nWqTmCtTnynUqjlmTjPzmljNCGLiGy74fddRXXYXOERc/GCK+JUpTJ+IOcZH1GzOe\ngncGbVtf9AGgJnrJa6C07jjoyHQFubGHx4MtT1ueYw8NUHY/tbDdCzkFbqyaKVVW\nRWGXvuhjKvSvHAWgn8VgJKtgy24YKDjxWPVzPvu9l3MoIwv3oCWbMxeRAXkzRx06\neuwZQUbSt0d6\n-----END CERTIFICATE-----\n",
              "ca.key": "-----BEGIN RSA PRIVATE KEY-----\nMIIJKQIBAAKCAgEAza7ZmTVNnWC7czV7Wc0APFAd0Wrv0kOOuGzo+EPjuk+SVwcV\n6fgVBG42/RRqEusD0C6tr+V8p/pT7lncPt6t8yH10pVIlakdvoCdcFZzrI9x3I3T\nh/0Y91MiVLpst57VoEByjnV5JPizfMUtvZ+a6agY+GOrw884HOlJ9AKdXoV+O68g\njKO/Nu7j6tJYvcISsvNv0MdDJDzg7Qlqn60gDB1/S170HtD6tmaA8PBMmkBnZ7RR\nF/TIW/WKnXZDVNwgfydMi1TKXr7AJNVNH8eJ+5aj+JsCh4eKCvcq4qcNphPTU0+N\nkyjCFfzFpiET7o3gCn8+iw0v3fJnMe27eIkXDjLxkBptTFr3oYR2MZJHcp0y9+Vb\nACcif5vBZ91iRN5DszzZJuzz33l+NAq7BP4RF2FJy3By3sLmhUWeKiyidc49X2qQ\n35j07yRJBfHEBr3bMxnkEn/8x8636vV0D10zhp4EUwMztaWeCmDJLSJaUtPMksms\nk3A6QDfH3+9tVv8TxSnwSnJ0k/1pyFo+AnuVdsvdPAyKCr6BFVu7nRaz8tsjnvi4\nVr1h0XqG5brU0ON9vyhj8HJvGAgWRlx8G1z6MyZOZpRtvlLOAkmtLWCYs1DlNx3F\nKtci6KMz7384xhT3f5HmcyDW6Osb8uOhysvJaE711/PGtqJmbdAoWmNYMPUCAwEA\nAQKCAgASm09isBMWD5rQMKBjXqDiKTqT/UvgsO0yUI1AGEl7oJh+eEz1M39t59fg\nS9PPY6SeqqUFFTTnr++eelFAUWivEVK++sjsMQuty3jH9tTUDCNNbnnFAufFR/yt\nFDL4PCLbMmP/8ISbDEdAcZ39BM6WIKIm+5fy83CsvOChywgYID9r1XXpAySDKwKX\nSvFtiSb5Oqh83JR9rLw0SqEd/M1ktdkUJReJyiHuv5XJNhPX8xznoW+h7n+e7Lbe\nHnAM4d+sC7loSVgH+32VAhl4rIEWWhRPTcaMItN2wSayBlFnxWyyoVm6BvqNKVFq\nq/IKUe9YmRY8AgoN1qXwkFm17RZBWvoSTZsVExCwvuuzsJms9hiljxg6JmGWLMQX\nFXHUjCDwTnm7qk1cA5O81JGOghkZU5xZGBKUGhEmT/DVgLHOtDWzhbZjyoaavak2\nD9EErPsYZ/zPmt8winozjUn2ilVjFhDIzswhI1uYPcD0DdDz/TRyvcEI9hIG2Yhp\nq9krt9E/x7XHXRno1s+7JIfVIGU55RXPU+1sR2hfSegsIfntZd4AtdCfcjao/bMM\nc9RAnoPoL7NiJLPwO7MOn0TXI+s+RhOdbOkBrd+/tlXgPMykyYfJ3pDcq+lYWgRb\nwsiW1PowzsuwjPT0E2NtHViQdzwfLwPdGKpNifD47rNyHNdoqQKCAQEA12DKqrVn\nEwYGATbHerLkNYQmYgcC3jQLAuYMdNq+ETt9HEaueJp4Wxl9RyqbuYqLOM60q/yz\nvH3Auj3fw5qx51W6006aDfyOyCvuAQQ/4DoMpOlllwjbBHed80ObYH4242KezsEH\n74aTlqIIeZyAPCFBknJ+hgd7eXpbV0qe8KAiABTC+paRlAMSMIAjyt+Q2UbH4iaj\nKVsnLjQf2UXDWmS7Yv6Lj54KWVb0r/JINKSohI3uA/nkS3TBu8hYhy/PZzQhu6V4\nh1X02srBEapuZsrm0b0rMr9U9CnOEwnRkq/URWNyoGQTIpYpw858QKd1hCNnNYiE\nZQ3uI8JJDoYrmwKCAQEA9HnyGTZMISZEOC52JAPHNgOU0CPkA0ASC4gVa0+fh8si\n1i+GTKMN5apjjqMw8nFipVe8u7l+GrUX+o7y+geltDkI0pePKx9Mg6sq8+01scwY\n/t9YfgiXIp9/Q2l8o53YuD95jkAwguf0W0XH0VDm93PRn9jsrk7h1kGidq2MDnev\nU+BZBq454Z5btDiaMmh6cdZtwerzxEXLxAVBrIQBDNGarRJfmHjwIpiaeMpy6nim\nyrdx3Gtfy82puD5+x4ZNAW6T7hDY4rIasz3pRV1CfSYrwFr+qKYQEdzFt2qs4Kf4\nShnX+JFrZteTYAE6zfMuRigTc5FEDEzGCs197lxGrwKCAQAAoza2XqcZdVEbO9BH\nWrQ2PFfovmCRy9Gkho3O4r7hSi3KoaLulHZ6vo6SYVvoprJWzrXWNH9LtYuWgYxi\nBdk0+Bn/eiIWnILHsOmZcyvFPCbBbjdwxQPw9XGwQKj7FiSPc8FIl2WwndNeBMjF\no2L1yptpFZGuT+NbrrMKhRwHVlIDcgxJtZxktcWeAyMX/KVvHziEQN0GyFBLYLgf\naodzgwzS9DHxkOQy84Dx7GOuVDZzfgAQXvMADi5soeExNUEF6y+WYJ0EuYpqA2Oi\n68A76anZQRgZpFtaBa2ofMT0DDUyp2K1etZbqdohzECt6FD+vSQXEnph2jK0RGT2\n+Aq1AoIBAQDLMjwV1npqJwsWgw9wma9O5qUeZmZSiUM2UHI1EiXvUNhwm2mNcwzO\n8dLzsBGzwKgT8xuMD/2PJyt59qxfQlHovGrn1k6Jseb/nRoDSgqR76hq1qoPfwZX\nIag+GIQe3chOQ3u9zv5DH5WK8zHEePCvhZUavcriie/NDBqDd3VsZO/V0CdOlSrI\nqr1fypfnA82ZpnbtcWIQpU5aa2ANil3xEJn19cp8yTAWIS5q7SGcXpGK9fPuF1S0\n6QiCeXcYUTjZ0tWjTl9l9FCa3/9txrjHmh1NMJRvCi9bGVtAOqrbwuBsfpRyJjPV\nc6Irbno4yUGR0Cdyq6+aZYlJW0irAAlDAoIBAQC8H7g4jXHhhIa8bNgY1jdoLoPo\nk6AoLH3k1CWebcjIfseskWkHxrmAHlqIMlaZmhMVaYxUJv3oy0H5i43NyjVvt3Ip\nBiUMsfCe2sHyxCCVAn4nlYwusHv87cDv0ZdkNO2VnJYVb23rJv1a3au/eaTkYlzO\nNpTwTfpGdRlXpObdxmGy4aRF0d/sXILo0ArrUGvS3h5XyUNTkJ5KkSyqln+JPeav\n365PdquDCuxM+n9iYYuHfMbBIIwyDIjNMHe0NxCHlz8oCqk9eyBdLXHKsAXeP+Wq\n9WMypt/qCKEXpMGucqH6K/9zs3fxGPHBZfC2fCIo8NSqPE/SQ2VjjHAVrNYE\n-----END RSA PRIVATE KEY-----\n"
            },
            "data_wo": null,
            "data_wo_revision": null,
            "id": "argocd/argocd-root-ca",
            "immutable": false,
            "metadata": [
              {
                "annotations": {},
                "generate_name": "",
                "generation": 0,
                "labels": {},
                "name": "argocd-root-ca",
                "namespace": "argocd",
                "resource_version": "892",
                "uid": "48f4381d-8e96-40c8-b1c4-b73f7b3f13a3"
              }
            ],
            "timeouts": null,
            "type": "Opaque",
            "wait_for_service_account_token": true
          },
          "sensitive_attributes": [
            [
              {
                "type": "get_attr",
                "value": "binary_data"
              }
            ],
            [
              {
                "type": "get_attr",
                "value": "data"
              }
            ],
            [
              {
                "type": "get_attr",
                "value": "data"
              },
              {
                "type": "index",
                "value": {
                  "value": "ca.key",
                  "type": "string"
                }
              }
            ]
          ],
          "identity_schema_version": 1,
          "identity": {
            "api_version": "v1",
            "kind": "Secret",
            "name": "argocd-root-ca",
            "namespace": "argocd"
          },
          "private": "eyJlMmJmYjczMC1lY2FhLTExZTYtOGY4OC0zNDM2M2JjN2M0YzAiOnsiY3JlYXRlIjo2MDAwMDAwMDAwMH19",
          "dependencies": [
            "helm_release.argocd",
            "tls_private_key.argocd_ca",
            "tls_self_signed_cert.argocd_ca"
          ]
        }
      ]
    },
    {
      "mode": "managed",
      "type": "kubernetes_secret",
      "name": "argocd_gitlab_repo_creds",
      "provider": "provider[\"registry.terraform.io/hashicorp/kubernetes\"]",
      "instances": [
        {
          "index_key": 0,
          "schema_version": 0,
          "attributes": {
            "binary_data": null,
            "binary_data_wo": null,
            "binary_data_wo_revision": null,
            "data": {
              "password": "02434ac4a3cfcf29fb6ebeb98967d79a2d0a356a5fade5d937a6b5e1b61e8a2f",
              "url": "http://host.k3d.internal:8081",
              "username": "root"
            },
            "data_wo": null,
            "data_wo_revision": null,
            "id": "argocd/repo-creds-gitlab",
            "immutable": false,
            "metadata": [
              {
                "annotations": null,
                "generate_name": "",
                "generation": 0,
                "labels": {
                  "argocd.argoproj.io/secret-type": "repo-creds"
                },
                "name": "repo-creds-gitlab",
                "namespace": "argocd",
                "resource_version": "1311",
                "uid": "b3332da3-4338-4e81-9a58-e9aa1ddb2053"
              }
            ],
            "timeouts": null,
            "type": "Opaque",
            "wait_for_service_account_token": true
          },
          "sensitive_attributes": [
            [
              {
                "type": "get_attr",
                "value": "binary_data"
              }
            ],
            [
              {
                "type": "get_attr",
                "value": "data"
              }
            ]
          ],
          "identity_schema_version": 1,
          "identity": {
            "api_version": "v1",
            "kind": "Secret",
            "name": "repo-creds-gitlab",
            "namespace": "argocd"
          },
          "private": "eyJlMmJmYjczMC1lY2FhLTExZTYtOGY4OC0zNDM2M2JjN2M0YzAiOnsiY3JlYXRlIjo2MDAwMDAwMDAwMH19",
          "dependencies": [
            "helm_release.argocd"
          ]
        }
      ]
    },
    {
      "mode": "managed",
      "type": "kubernetes_secret",
      "name": "argocd_tls",
      "provider": "provider[\"registry.terraform.io/hashicorp/kubernetes\"]",
      "instances": [
        {
          "schema_version": 0,
          "attributes": {
            "binary_data": null,
            "binary_data_wo": null,
            "binary_data_wo_revision": null,
            "data": {
              "tls.crt": "-----BEGIN CERTIFICATE-----\nMIIEajCCAlKgAwIBAgIRAIjOt9ngBLxAr0PxBy3RzFMwDQYJKoZIhvcNAQELBQAw\nPDETMBEGA1UEChMKZGF0YS1zdGFjazElMCMGA1UEAxMcZGF0YS1zdGFjay1sYWIt\naW50ZXJuYWwtcm9vdDAeFw0yNTExMjQwMDQ3MzZaFw0yNjAyMjIwMDQ3MzZaMDAx\nEzARBgNVBAoTCmRhdGEtc3RhY2sxGTAXBgNVBAMTEGFyZ29jZC5sYWIubG9jYWww\nggEiMA0GCSqGSIb3DQEBAQUAA4IBDwAwggEKAoIBAQCfUFmQCnd6s5gVWa6V6k3U\n0WuKudp8TE8OU56H+u5jWjA7GiOcA1Piitik9iKl7NSKb86losgw3DSLRQMWXTYu\nclh9pgb+H6qJayfd4EReGXTlpWWwqXb+wtWvbHBZsDrfLw9MtTR/gc7T5eWsuquP\nT+/IobCjdz+6BJntw4V/xX1uCZTiSDuIeX5S75KvwdkLiTaiSZJZ4onA438Xmous\nhNrBFOYGec0AdDEodH8oZdxKggM0Gk8KOlJUhbRougPlPve8B/B7wISsDdy3/AJA\nr67hzCReytpVXOC3y80fXrybKoQECQz/1zRx97NDZ5vsuG+SXrypAHsSX2x56pe5\nAgMBAAGjczBxMA4GA1UdDwEB/wQEAwIFoDATBgNVHSUEDDAKBggrBgEFBQcDATAM\nBgNVHRMBAf8EAjAAMB8GA1UdIwQYMBaAFP78otk90edQfwS+WwI3wFOrhmzwMBsG\nA1UdEQQUMBKCEGFyZ29jZC5sYWIubG9jYWwwDQYJKoZIhvcNAQELBQADggIBALis\n4g2hn7452qBmVPAexOhkAi/7O3QJoVqYd4xAiaBUzHwPzxKFwTNkURV/M60PEUbB\nKZz8sGGj/9MKgrSMY+tP9Kkdm9A9IPcqKpDcMSw/M4dIcWKpBQuHvAzZXZNtzfy5\nv4kDbg6mRj2Uq0I02kCSxLZn3j2nvPYD0oWA5ww4YAlKI0wNut01Kdm+X6ximeqN\n7/AYf6htjni9jfMO7XZ4DGZiWHckp1/pCzNJujszwyWQFVMqJoYlb0+8tuTziuIQ\n4p0UcrxFo0dYWLzZ6Jn3mE60n3UIFDnu1QlT3ltVeXCUAa0rd5iorGmfaStsqVlQ\n/AuDJ629Liw2Ub6ssPpGX68B8SHx1go3QhF2dVNrFpU927hBkWav9BtQaV7u6C/j\nw44ELv1MvxOqAT8xgu7+ytw4QR2SpMuGnB9GRAbQLAglJPCs9S8wZp6zey+T3ZqM\nBhIJgAg4I+gOf9pwi2at0xl2smCqgJldHS7E3Et+ggl+URLSGH/jr4KUesdbP2Qk\nPdZTpWtEcnGEte5/4KmNmhs02T69T8vUpUpRbjdBL8QCqKE9JIdTkZ7wA9bOhHZx\nTke6dZdUzalT1oIObanQSDRtKN6O1l+5pAsbU6/6J8suSU/QMX7DhKA/ndWRNThg\n2DZDcZLSIyg4Mvhazd9jIkbwOqxRPTfvVRfFXMXm\n-----END CERTIFICATE-----\n",
              "tls.key": "-----BEGIN RSA PRIVATE KEY-----\nMIIEpQIBAAKCAQEAn1BZkAp3erOYFVmulepN1NFrirnafExPDlOeh/ruY1owOxoj\nnANT4orYpPYipezUim/OpaLIMNw0i0UDFl02LnJYfaYG/h+qiWsn3eBEXhl05aVl\nsKl2/sLVr2xwWbA63y8PTLU0f4HO0+XlrLqrj0/vyKGwo3c/ugSZ7cOFf8V9bgmU\n4kg7iHl+Uu+Sr8HZC4k2okmSWeKJwON/F5qLrITawRTmBnnNAHQxKHR/KGXcSoID\nNBpPCjpSVIW0aLoD5T73vAfwe8CErA3ct/wCQK+u4cwkXsraVVzgt8vNH168myqE\nBAkM/9c0cfezQ2eb7Lhvkl68qQB7El9seeqXuQIDAQABAoIBABFoXTDxA9cjcpW6\no+n7nR+I9oBFCIuWZvkAyAzBrXSrsSN0Grn8Xxkc5Mk5n9WTiDHMP783hzpXhWJG\nWy0BaF8w3Vx1XMQ9v4ueas/CppXFoFFLfk4MZlU2AtVVOv2B1Rz37msKTb809t2O\nfEcgaoiRSnkYuc1SxWLVB+DEAX1RcdaignJdNkgmWc/gkmOHl8IZ02BKoDItYH62\nGFByLd8Q9tkuRs3vZy1+MkTHQN03X8fHRM1W4g2iLDWt1ZyhkDbbj2kl/V9rQ37T\n0uMMfpnvkhxiJm4cT6z/6u87LQcDNArAmAP7QD9XqSv54PJzJ+tDqCxlVQqvH0qB\n7ac6XAUCgYEA0VcAKUkZDp/IL+ymEo5hpvpitEVwX6cVsCpR0jnkIkXmela4rvKo\nMdYsiP4+z586nMGmDJufmPB47N6bgXKuX+WTH90cG2v3Eoil7UATAdE+zd1iScq2\nI6MzOXT2vm5hPRcFz1qSgpZOGnxTyzs0zvjSNOH/+HnndeKgR5ws2QMCgYEAwtLZ\nw4KaXTqbbdnHb3e18pZd50dKpghKsueFFzNZmHAiQiqdbBX994JRGmuTikSzYZkf\nlHpjyDT8/u/s3q8BbAAbuof3AM3XtnzNpvAV1/zSpr9ogIRTI68jeJpgyrCNkL+2\n7aAooo63zqYh2oHQQztXZUOsrxdj4UWU4flNqZMCgYEA0SN788Mll2imFMr191/r\ny2gmqDcfV1CT6FW/PKm9c0gmRF7TT2T6CCASiiKHGeHYKreEbuAjCCZmiS60aRTr\nhL7Ux2adKAAq7Ic8TdRPqOclOYJNKa+tW9k12dcyk3mvB9syYL/50yDakrdW95kE\n3ynSyCZpFhKj3TA2NJSgcYUCgYEAgjhnH9xDC3+p9lHzkRkF/6DsITOwvKucKlq/\nxdMn1tFUxL8xO9azS2XKigtPscLb16d+yULJQT/RvyFlRS7al3K3FgXdXqc3wR1I\nZIXjQ9wUfSpBUm2gGKDu56Tgf3plFVRflBNSNd2JFFJNHH1aVCXs8525ZcsPkrps\nmmKFu4sCgYEAk8lbSEANzVzmWAOoT3FDlZUfkxfpTe7Aldy+M+xhwO/zUdJAQJB9\nNgN3w8VInZyvnnuQuKlvWtC5b0yM4D9Up1kw1CAzcz4Ut0bIc0JURHp2uYVMKmE/\n4Z6yckKi7C5A71j7WodRzkHj8cJH2ihF8yNQMeHNTHAWW5/yDGxLlzU=\n-----END RSA PRIVATE KEY-----\n"
            },
            "data_wo": null,
            "data_wo_revision": null,
            "id": "argocd/argocd-server-tls",
            "immutable": false,
            "metadata": [
              {
                "annotations": {},
                "generate_name": "",
                "generation": 0,
                "labels": {},
                "name": "argocd-server-tls",
                "namespace": "argocd",
                "resource_version": "893",
                "uid": "a3807189-d2ef-4234-af75-fe29ac4eb410"
              }
            ],
            "timeouts": null,
            "type": "kubernetes.io/tls",
            "wait_for_service_account_token": true
          },
          "sensitive_attributes": [
            [
              {
                "type": "get_attr",
                "value": "binary_data"
              }
            ],
            [
              {
                "type": "get_attr",
                "value": "data"
              }
            ],
            [
              {
                "type": "get_attr",
                "value": "data"
              },
              {
                "type": "index",
                "value": {
                  "value": "tls.key",
                  "type": "string"
                }
              }
            ]
          ],
          "identity_schema_version": 1,
          "identity": {
            "api_version": "v1",
            "kind": "Secret",
            "name": "argocd-server-tls",
            "namespace": "argocd"
          },
          "private": "eyJlMmJmYjczMC1lY2FhLTExZTYtOGY4OC0zNDM2M2JjN2M0YzAiOnsiY3JlYXRlIjo2MDAwMDAwMDAwMH19",
          "dependencies": [
            "helm_release.argocd",
            "tls_cert_request.argocd_server",
            "tls_locally_signed_cert.argocd_server",
            "tls_private_key.argocd_ca",
            "tls_private_key.argocd_server",
            "tls_self_signed_cert.argocd_ca"
          ]
        }
      ]
    },
    {
      "mode": "managed",
      "type": "tls_cert_request",
      "name": "argocd_server",
      "provider": "provider[\"registry.terraform.io/hashicorp/tls\"]",
      "instances": [
        {
          "schema_version": 0,
          "attributes": {
            "cert_request_pem": "-----BEGIN CERTIFICATE REQUEST-----\nMIICozCCAYsCAQAwMDETMBEGA1UEChMKZGF0YS1zdGFjazEZMBcGA1UEAxMQYXJn\nb2NkLmxhYi5sb2NhbDCCASIwDQYJKoZIhvcNAQEBBQADggEPADCCAQoCggEBAJ9Q\nWZAKd3qzmBVZrpXqTdTRa4q52nxMTw5Tnof67mNaMDsaI5wDU+KK2KT2IqXs1Ipv\nzqWiyDDcNItFAxZdNi5yWH2mBv4fqolrJ93gRF4ZdOWlZbCpdv7C1a9scFmwOt8v\nD0y1NH+BztPl5ay6q49P78ihsKN3P7oEme3DhX/FfW4JlOJIO4h5flLvkq/B2QuJ\nNqJJklniicDjfxeai6yE2sEU5gZ5zQB0MSh0fyhl3EqCAzQaTwo6UlSFtGi6A+U+\n97wH8HvAhKwN3Lf8AkCvruHMJF7K2lVc4LfLzR9evJsqhAQJDP/XNHH3s0Nnm+y4\nb5JevKkAexJfbHnql7kCAwEAAaAuMCwGCSqGSIb3DQEJDjEfMB0wGwYDVR0RBBQw\nEoIQYXJnb2NkLmxhYi5sb2NhbDANBgkqhkiG9w0BAQsFAAOCAQEAmHBh0LbjrhsR\n2l5vRcJ+ELQMgE7LNnNGhZnxiUUh4qjilMxQwLTItXX7tZcR0INIpEnBSHEiM388\nZ4107gQZlkHyuZaz14GMkC9BQABAFexq+2MXE6rNoWszsf2QToIAMAgJAq1MJFKK\nEL3YsciPbVhQobVFi7RydMyx4cDBhMCaC9895+0D2mQQsaF9qNF8j7tV/zDFqdrJ\nEEBVLjkOVVx+vxDZGNwEoEf9uU0MjQz5tVLv8/kofl5+kmi8a4b6KibunYh+gQ6S\nbrYPaqfdY6YXWSDK9ARzLxJAQ2/gEN0alhmj7dIZTZ58IHYjy2tnx8TifZw4KkDu\nwcADwIaPgQ==\n-----END CERTIFICATE REQUEST-----\n",
            "dns_names": [
              "argocd.lab.local"
            ],
            "id": "1a04648bfca34f70f66ed796817be1a502f00619",
            "ip_addresses": null,
            "key_algorithm": "RSA",
            "private_key_pem": "-----BEGIN RSA PRIVATE KEY-----\nMIIEpQIBAAKCAQEAn1BZkAp3erOYFVmulepN1NFrirnafExPDlOeh/ruY1owOxoj\nnANT4orYpPYipezUim/OpaLIMNw0i0UDFl02LnJYfaYG/h+qiWsn3eBEXhl05aVl\nsKl2/sLVr2xwWbA63y8PTLU0f4HO0+XlrLqrj0/vyKGwo3c/ugSZ7cOFf8V9bgmU\n4kg7iHl+Uu+Sr8HZC4k2okmSWeKJwON/F5qLrITawRTmBnnNAHQxKHR/KGXcSoID\nNBpPCjpSVIW0aLoD5T73vAfwe8CErA3ct/wCQK+u4cwkXsraVVzgt8vNH168myqE\nBAkM/9c0cfezQ2eb7Lhvkl68qQB7El9seeqXuQIDAQABAoIBABFoXTDxA9cjcpW6\no+n7nR+I9oBFCIuWZvkAyAzBrXSrsSN0Grn8Xxkc5Mk5n9WTiDHMP783hzpXhWJG\nWy0BaF8w3Vx1XMQ9v4ueas/CppXFoFFLfk4MZlU2AtVVOv2B1Rz37msKTb809t2O\nfEcgaoiRSnkYuc1SxWLVB+DEAX1RcdaignJdNkgmWc/gkmOHl8IZ02BKoDItYH62\nGFByLd8Q9tkuRs3vZy1+MkTHQN03X8fHRM1W4g2iLDWt1ZyhkDbbj2kl/V9rQ37T\n0uMMfpnvkhxiJm4cT6z/6u87LQcDNArAmAP7QD9XqSv54PJzJ+tDqCxlVQqvH0qB\n7ac6XAUCgYEA0VcAKUkZDp/IL+ymEo5hpvpitEVwX6cVsCpR0jnkIkXmela4rvKo\nMdYsiP4+z586nMGmDJufmPB47N6bgXKuX+WTH90cG2v3Eoil7UATAdE+zd1iScq2\nI6MzOXT2vm5hPRcFz1qSgpZOGnxTyzs0zvjSNOH/+HnndeKgR5ws2QMCgYEAwtLZ\nw4KaXTqbbdnHb3e18pZd50dKpghKsueFFzNZmHAiQiqdbBX994JRGmuTikSzYZkf\nlHpjyDT8/u/s3q8BbAAbuof3AM3XtnzNpvAV1/zSpr9ogIRTI68jeJpgyrCNkL+2\n7aAooo63zqYh2oHQQztXZUOsrxdj4UWU4flNqZMCgYEA0SN788Mll2imFMr191/r\ny2gmqDcfV1CT6FW/PKm9c0gmRF7TT2T6CCASiiKHGeHYKreEbuAjCCZmiS60aRTr\nhL7Ux2adKAAq7Ic8TdRPqOclOYJNKa+tW9k12dcyk3mvB9syYL/50yDakrdW95kE\n3ynSyCZpFhKj3TA2NJSgcYUCgYEAgjhnH9xDC3+p9lHzkRkF/6DsITOwvKucKlq/\nxdMn1tFUxL8xO9azS2XKigtPscLb16d+yULJQT/RvyFlRS7al3K3FgXdXqc3wR1I\nZIXjQ9wUfSpBUm2gGKDu56Tgf3plFVRflBNSNd2JFFJNHH1aVCXs8525ZcsPkrps\nmmKFu4sCgYEAk8lbSEANzVzmWAOoT3FDlZUfkxfpTe7Aldy+M+xhwO/zUdJAQJB9\nNgN3w8VInZyvnnuQuKlvWtC5b0yM4D9Up1kw1CAzcz4Ut0bIc0JURHp2uYVMKmE/\n4Z6yckKi7C5A71j7WodRzkHj8cJH2ihF8yNQMeHNTHAWW5/yDGxLlzU=\n-----END RSA PRIVATE KEY-----\n",
            "subject": [
              {
                "common_name": "argocd.lab.local",
                "country": null,
                "email_address": null,
                "locality": null,
                "organization": "data-stack",
                "organizational_unit": null,
                "postal_code": null,
                "province": null,
                "serial_number": null,
                "street_address": null
              }
            ],
            "uris": null
          },
          "sensitive_attributes": [
            [
              {
                "type": "get_attr",
                "value": "private_key_pem"
              }
            ]
          ],
          "identity_schema_version": 0,
          "dependencies": [
            "tls_private_key.argocd_server"
          ]
        }
      ]
    },
    {
      "mode": "managed",
      "type": "tls_locally_signed_cert",
      "name": "argocd_server",
      "provider": "provider[\"registry.terraform.io/hashicorp/tls\"]",
      "instances": [
        {
          "schema_version": 0,
          "attributes": {
            "allowed_uses": [
              "key_encipherment",
              "digital_signature",
              "server_auth"
            ],
            "ca_cert_pem": "-----BEGIN CERTIFICATE-----\nMIIFRTCCAy2gAwIBAgIRAMHA865LYA/tjSvrkew9hsEwDQYJKoZIhvcNAQELBQAw\nPDETMBEGA1UEChMKZGF0YS1zdGFjazElMCMGA1UEAxMcZGF0YS1zdGFjay1sYWIt\naW50ZXJuYWwtcm9vdDAeFw0yNTExMjQwMDQ3MzZaFw0yNjExMjQwMDQ3MzZaMDwx\nEzARBgNVBAoTCmRhdGEtc3RhY2sxJTAjBgNVBAMTHGRhdGEtc3RhY2stbGFiLWlu\ndGVybmFsLXJvb3QwggIiMA0GCSqGSIb3DQEBAQUAA4ICDwAwggIKAoICAQDNrtmZ\nNU2dYLtzNXtZzQA8UB3Rau/SQ464bOj4Q+O6T5JXBxXp+BUEbjb9FGoS6wPQLq2v\n5Xyn+lPuWdw+3q3zIfXSlUiVqR2+gJ1wVnOsj3HcjdOH/Rj3UyJUumy3ntWgQHKO\ndXkk+LN8xS29n5rpqBj4Y6vDzzgc6Un0Ap1ehX47ryCMo7827uPq0li9whKy82/Q\nx0MkPODtCWqfrSAMHX9LXvQe0Pq2ZoDw8EyaQGdntFEX9Mhb9YqddkNU3CB/J0yL\nVMpevsAk1U0fx4n7lqP4mwKHh4oK9yripw2mE9NTT42TKMIV/MWmIRPujeAKfz6L\nDS/d8mcx7bt4iRcOMvGQGm1MWvehhHYxkkdynTL35VsAJyJ/m8Fn3WJE3kOzPNkm\n7PPfeX40CrsE/hEXYUnLcHLewuaFRZ4qLKJ1zj1fapDfmPTvJEkF8cQGvdszGeQS\nf/zHzrfq9XQPXTOGngRTAzO1pZ4KYMktIlpS08ySyayTcDpAN8ff721W/xPFKfBK\ncnST/WnIWj4Ce5V2y908DIoKvoEVW7udFrPy2yOe+LhWvWHReoblutTQ432/KGPw\ncm8YCBZGXHwbXPozJk5mlG2+Us4CSa0tYJizUOU3HcUq1yLoozPvfzjGFPd/keZz\nINbo6xvy46HKy8loTvXX88a2omZt0ChaY1gw9QIDAQABo0IwQDAOBgNVHQ8BAf8E\nBAMCASYwDwYDVR0TAQH/BAUwAwEB/zAdBgNVHQ4EFgQU/vyi2T3R51B/BL5bAjfA\nU6uGbPAwDQYJKoZIhvcNAQELBQADggIBAJ/N2DhZMTEutlluIMhkuRkf+0HhX4eg\noEdsMdOC+KP6wAFrisaCRTEERwAm/++XhSljpoKcnDQru65AVTCxbJEtaXEC/rU/\nk2r0cymReh9KVcEci6QLz9RNilOsHNtESyaCDgbzIOz/Ie0NfK5UaVlX/lc6DxlK\nhcC+0D10yZEbllt+JM44uVQ36fC6NFbbf6VhdfaC0UN02ZckPFKh7385MEjuWzT1\nOE6jA6LGbK9ES6FovJqrb3sHtpxiX0DYd/o/w4aVTgAJgJvV7HvIbmZEmwgeiBKD\nDlAOTOFghaymNz1r1r3PWu1oIB9AnSglVNFcZuCMIDnAh64YN4I6fL1892YO4N52\nfgSqQ+iRUAb0X5O7gnAJTv5z4ll/ClElHxy5PN8Ffyyg0uFu58L1MwYAwi8rIJV9\ngFz9THp/NNdg54zYvdC8F1ooyzjgHTIPd8U+6YtPDGJwM4Ml9FxqAgLZ8nNpSmxF\nWqTmCtTnynUqjlmTjPzmljNCGLiGy74fddRXXYXOERc/GCK+JUpTJ+IOcZH1GzOe\ngncGbVtf9AGgJnrJa6C07jjoyHQFubGHx4MtT1ueYw8NUHY/tbDdCzkFbqyaKVVW\nRWGXvuhjKvSvHAWgn8VgJKtgy24YKDjxWPVzPvu9l3MoIwv3oCWbMxeRAXkzRx06\neuwZQUbSt0d6\n-----END CERTIFICATE-----\n",
            "ca_key_algorithm": "RSA",
            "ca_private_key_pem": "-----BEGIN RSA PRIVATE KEY-----\nMIIJKQIBAAKCAgEAza7ZmTVNnWC7czV7Wc0APFAd0Wrv0kOOuGzo+EPjuk+SVwcV\n6fgVBG42/RRqEusD0C6tr+V8p/pT7lncPt6t8yH10pVIlakdvoCdcFZzrI9x3I3T\nh/0Y91MiVLpst57VoEByjnV5JPizfMUtvZ+a6agY+GOrw884HOlJ9AKdXoV+O68g\njKO/Nu7j6tJYvcISsvNv0MdDJDzg7Qlqn60gDB1/S170HtD6tmaA8PBMmkBnZ7RR\nF/TIW/WKnXZDVNwgfydMi1TKXr7AJNVNH8eJ+5aj+JsCh4eKCvcq4qcNphPTU0+N\nkyjCFfzFpiET7o3gCn8+iw0v3fJnMe27eIkXDjLxkBptTFr3oYR2MZJHcp0y9+Vb\nACcif5vBZ91iRN5DszzZJuzz33l+NAq7BP4RF2FJy3By3sLmhUWeKiyidc49X2qQ\n35j07yRJBfHEBr3bMxnkEn/8x8636vV0D10zhp4EUwMztaWeCmDJLSJaUtPMksms\nk3A6QDfH3+9tVv8TxSnwSnJ0k/1pyFo+AnuVdsvdPAyKCr6BFVu7nRaz8tsjnvi4\nVr1h0XqG5brU0ON9vyhj8HJvGAgWRlx8G1z6MyZOZpRtvlLOAkmtLWCYs1DlNx3F\nKtci6KMz7384xhT3f5HmcyDW6Osb8uOhysvJaE711/PGtqJmbdAoWmNYMPUCAwEA\nAQKCAgASm09isBMWD5rQMKBjXqDiKTqT/UvgsO0yUI1AGEl7oJh+eEz1M39t59fg\nS9PPY6SeqqUFFTTnr++eelFAUWivEVK++sjsMQuty3jH9tTUDCNNbnnFAufFR/yt\nFDL4PCLbMmP/8ISbDEdAcZ39BM6WIKIm+5fy83CsvOChywgYID9r1XXpAySDKwKX\nSvFtiSb5Oqh83JR9rLw0SqEd/M1ktdkUJReJyiHuv5XJNhPX8xznoW+h7n+e7Lbe\nHnAM4d+sC7loSVgH+32VAhl4rIEWWhRPTcaMItN2wSayBlFnxWyyoVm6BvqNKVFq\nq/IKUe9YmRY8AgoN1qXwkFm17RZBWvoSTZsVExCwvuuzsJms9hiljxg6JmGWLMQX\nFXHUjCDwTnm7qk1cA5O81JGOghkZU5xZGBKUGhEmT/DVgLHOtDWzhbZjyoaavak2\nD9EErPsYZ/zPmt8winozjUn2ilVjFhDIzswhI1uYPcD0DdDz/TRyvcEI9hIG2Yhp\nq9krt9E/x7XHXRno1s+7JIfVIGU55RXPU+1sR2hfSegsIfntZd4AtdCfcjao/bMM\nc9RAnoPoL7NiJLPwO7MOn0TXI+s+RhOdbOkBrd+/tlXgPMykyYfJ3pDcq+lYWgRb\nwsiW1PowzsuwjPT0E2NtHViQdzwfLwPdGKpNifD47rNyHNdoqQKCAQEA12DKqrVn\nEwYGATbHerLkNYQmYgcC3jQLAuYMdNq+ETt9HEaueJp4Wxl9RyqbuYqLOM60q/yz\nvH3Auj3fw5qx51W6006aDfyOyCvuAQQ/4DoMpOlllwjbBHed80ObYH4242KezsEH\n74aTlqIIeZyAPCFBknJ+hgd7eXpbV0qe8KAiABTC+paRlAMSMIAjyt+Q2UbH4iaj\nKVsnLjQf2UXDWmS7Yv6Lj54KWVb0r/JINKSohI3uA/nkS3TBu8hYhy/PZzQhu6V4\nh1X02srBEapuZsrm0b0rMr9U9CnOEwnRkq/URWNyoGQTIpYpw858QKd1hCNnNYiE\nZQ3uI8JJDoYrmwKCAQEA9HnyGTZMISZEOC52JAPHNgOU0CPkA0ASC4gVa0+fh8si\n1i+GTKMN5apjjqMw8nFipVe8u7l+GrUX+o7y+geltDkI0pePKx9Mg6sq8+01scwY\n/t9YfgiXIp9/Q2l8o53YuD95jkAwguf0W0XH0VDm93PRn9jsrk7h1kGidq2MDnev\nU+BZBq454Z5btDiaMmh6cdZtwerzxEXLxAVBrIQBDNGarRJfmHjwIpiaeMpy6nim\nyrdx3Gtfy82puD5+x4ZNAW6T7hDY4rIasz3pRV1CfSYrwFr+qKYQEdzFt2qs4Kf4\nShnX+JFrZteTYAE6zfMuRigTc5FEDEzGCs197lxGrwKCAQAAoza2XqcZdVEbO9BH\nWrQ2PFfovmCRy9Gkho3O4r7hSi3KoaLulHZ6vo6SYVvoprJWzrXWNH9LtYuWgYxi\nBdk0+Bn/eiIWnILHsOmZcyvFPCbBbjdwxQPw9XGwQKj7FiSPc8FIl2WwndNeBMjF\no2L1yptpFZGuT+NbrrMKhRwHVlIDcgxJtZxktcWeAyMX/KVvHziEQN0GyFBLYLgf\naodzgwzS9DHxkOQy84Dx7GOuVDZzfgAQXvMADi5soeExNUEF6y+WYJ0EuYpqA2Oi\n68A76anZQRgZpFtaBa2ofMT0DDUyp2K1etZbqdohzECt6FD+vSQXEnph2jK0RGT2\n+Aq1AoIBAQDLMjwV1npqJwsWgw9wma9O5qUeZmZSiUM2UHI1EiXvUNhwm2mNcwzO\n8dLzsBGzwKgT8xuMD/2PJyt59qxfQlHovGrn1k6Jseb/nRoDSgqR76hq1qoPfwZX\nIag+GIQe3chOQ3u9zv5DH5WK8zHEePCvhZUavcriie/NDBqDd3VsZO/V0CdOlSrI\nqr1fypfnA82ZpnbtcWIQpU5aa2ANil3xEJn19cp8yTAWIS5q7SGcXpGK9fPuF1S0\n6QiCeXcYUTjZ0tWjTl9l9FCa3/9txrjHmh1NMJRvCi9bGVtAOqrbwuBsfpRyJjPV\nc6Irbno4yUGR0Cdyq6+aZYlJW0irAAlDAoIBAQC8H7g4jXHhhIa8bNgY1jdoLoPo\nk6AoLH3k1CWebcjIfseskWkHxrmAHlqIMlaZmhMVaYxUJv3oy0H5i43NyjVvt3Ip\nBiUMsfCe2sHyxCCVAn4nlYwusHv87cDv0ZdkNO2VnJYVb23rJv1a3au/eaTkYlzO\nNpTwTfpGdRlXpObdxmGy4aRF0d/sXILo0ArrUGvS3h5XyUNTkJ5KkSyqln+JPeav\n365PdquDCuxM+n9iYYuHfMbBIIwyDIjNMHe0NxCHlz8oCqk9eyBdLXHKsAXeP+Wq\n9WMypt/qCKEXpMGucqH6K/9zs3fxGPHBZfC2fCIo8NSqPE/SQ2VjjHAVrNYE\n-----END RSA PRIVATE KEY-----\n",
            "cert_pem": "-----BEGIN CERTIFICATE-----\nMIIEajCCAlKgAwIBAgIRAIjOt9ngBLxAr0PxBy3RzFMwDQYJKoZIhvcNAQELBQAw\nPDETMBEGA1UEChMKZGF0YS1zdGFjazElMCMGA1UEAxMcZGF0YS1zdGFjay1sYWIt\naW50ZXJuYWwtcm9vdDAeFw0yNTExMjQwMDQ3MzZaFw0yNjAyMjIwMDQ3MzZaMDAx\nEzARBgNVBAoTCmRhdGEtc3RhY2sxGTAXBgNVBAMTEGFyZ29jZC5sYWIubG9jYWww\nggEiMA0GCSqGSIb3DQEBAQUAA4IBDwAwggEKAoIBAQCfUFmQCnd6s5gVWa6V6k3U\n0WuKudp8TE8OU56H+u5jWjA7GiOcA1Piitik9iKl7NSKb86losgw3DSLRQMWXTYu\nclh9pgb+H6qJayfd4EReGXTlpWWwqXb+wtWvbHBZsDrfLw9MtTR/gc7T5eWsuquP\nT+/IobCjdz+6BJntw4V/xX1uCZTiSDuIeX5S75KvwdkLiTaiSZJZ4onA438Xmous\nhNrBFOYGec0AdDEodH8oZdxKggM0Gk8KOlJUhbRougPlPve8B/B7wISsDdy3/AJA\nr67hzCReytpVXOC3y80fXrybKoQECQz/1zRx97NDZ5vsuG+SXrypAHsSX2x56pe5\nAgMBAAGjczBxMA4GA1UdDwEB/wQEAwIFoDATBgNVHSUEDDAKBggrBgEFBQcDATAM\nBgNVHRMBAf8EAjAAMB8GA1UdIwQYMBaAFP78otk90edQfwS+WwI3wFOrhmzwMBsG\nA1UdEQQUMBKCEGFyZ29jZC5sYWIubG9jYWwwDQYJKoZIhvcNAQELBQADggIBALis\n4g2hn7452qBmVPAexOhkAi/7O3QJoVqYd4xAiaBUzHwPzxKFwTNkURV/M60PEUbB\nKZz8sGGj/9MKgrSMY+tP9Kkdm9A9IPcqKpDcMSw/M4dIcWKpBQuHvAzZXZNtzfy5\nv4kDbg6mRj2Uq0I02kCSxLZn3j2nvPYD0oWA5ww4YAlKI0wNut01Kdm+X6ximeqN\n7/AYf6htjni9jfMO7XZ4DGZiWHckp1/pCzNJujszwyWQFVMqJoYlb0+8tuTziuIQ\n4p0UcrxFo0dYWLzZ6Jn3mE60n3UIFDnu1QlT3ltVeXCUAa0rd5iorGmfaStsqVlQ\n/AuDJ629Liw2Ub6ssPpGX68B8SHx1go3QhF2dVNrFpU927hBkWav9BtQaV7u6C/j\nw44ELv1MvxOqAT8xgu7+ytw4QR2SpMuGnB9GRAbQLAglJPCs9S8wZp6zey+T3ZqM\nBhIJgAg4I+gOf9pwi2at0xl2smCqgJldHS7E3Et+ggl+URLSGH/jr4KUesdbP2Qk\nPdZTpWtEcnGEte5/4KmNmhs02T69T8vUpUpRbjdBL8QCqKE9JIdTkZ7wA9bOhHZx\nTke6dZdUzalT1oIObanQSDRtKN6O1l+5pAsbU6/6J8suSU/QMX7DhKA/ndWRNThg\n2DZDcZLSIyg4Mvhazd9jIkbwOqxRPTfvVRfFXMXm\n-----END CERTIFICATE-----\n",
            "cert_request_pem": "-----BEGIN CERTIFICATE REQUEST-----\nMIICozCCAYsCAQAwMDETMBEGA1UEChMKZGF0YS1zdGFjazEZMBcGA1UEAxMQYXJn\nb2NkLmxhYi5sb2NhbDCCASIwDQYJKoZIhvcNAQEBBQADggEPADCCAQoCggEBAJ9Q\nWZAKd3qzmBVZrpXqTdTRa4q52nxMTw5Tnof67mNaMDsaI5wDU+KK2KT2IqXs1Ipv\nzqWiyDDcNItFAxZdNi5yWH2mBv4fqolrJ93gRF4ZdOWlZbCpdv7C1a9scFmwOt8v\nD0y1NH+BztPl5ay6q49P78ihsKN3P7oEme3DhX/FfW4JlOJIO4h5flLvkq/B2QuJ\nNqJJklniicDjfxeai6yE2sEU5gZ5zQB0MSh0fyhl3EqCAzQaTwo6UlSFtGi6A+U+\n97wH8HvAhKwN3Lf8AkCvruHMJF7K2lVc4LfLzR9evJsqhAQJDP/XNHH3s0Nnm+y4\nb5JevKkAexJfbHnql7kCAwEAAaAuMCwGCSqGSIb3DQEJDjEfMB0wGwYDVR0RBBQw\nEoIQYXJnb2NkLmxhYi5sb2NhbDANBgkqhkiG9w0BAQsFAAOCAQEAmHBh0LbjrhsR\n2l5vRcJ+ELQMgE7LNnNGhZnxiUUh4qjilMxQwLTItXX7tZcR0INIpEnBSHEiM388\nZ4107gQZlkHyuZaz14GMkC9BQABAFexq+2MXE6rNoWszsf2QToIAMAgJAq1MJFKK\nEL3YsciPbVhQobVFi7RydMyx4cDBhMCaC9895+0D2mQQsaF9qNF8j7tV/zDFqdrJ\nEEBVLjkOVVx+vxDZGNwEoEf9uU0MjQz5tVLv8/kofl5+kmi8a4b6KibunYh+gQ6S\nbrYPaqfdY6YXWSDK9ARzLxJAQ2/gEN0alhmj7dIZTZ58IHYjy2tnx8TifZw4KkDu\nwcADwIaPgQ==\n-----END CERTIFICATE REQUEST-----\n",
            "early_renewal_hours": 0,
            "id": "181848349522405833958823239502942817363",
            "is_ca_certificate": false,
            "ready_for_renewal": false,
            "set_subject_key_id": false,
            "validity_end_time": "2026-02-22T01:47:36.669768109+01:00",
            "validity_period_hours": 2160,
            "validity_start_time": "2025-11-24T01:47:36.669768109+01:00"
          },
          "sensitive_attributes": [
            [
              {
                "type": "get_attr",
                "value": "ca_private_key_pem"
              }
            ]
          ],
          "identity_schema_version": 0,
          "dependencies": [
            "tls_cert_request.argocd_server",
            "tls_private_key.argocd_ca",
            "tls_private_key.argocd_server",
            "tls_self_signed_cert.argocd_ca"
          ]
        }
      ]
    },
    {
      "mode": "managed",
      "type": "tls_private_key",
      "name": "argocd_ca",
      "provider": "provider[\"registry.terraform.io/hashicorp/tls\"]",
      "instances": [
        {
          "schema_version": 1,
          "attributes": {
            "algorithm": "RSA",
            "ecdsa_curve": "P224",
            "id": "7213afd9a1005bd06e9d811c2e0af2c4677e3829",
            "private_key_openssh": "-----BEGIN OPENSSH PRIVATE KEY-----\nb3BlbnNzaC1rZXktdjEAAAAABG5vbmUAAAAEbm9uZQAAAAAAAAABAAACFwAAAAdz\nc2gtcnNhAAAAAwEAAQAAAgEAza7ZmTVNnWC7czV7Wc0APFAd0Wrv0kOOuGzo+EPj\nuk+SVwcV6fgVBG42/RRqEusD0C6tr+V8p/pT7lncPt6t8yH10pVIlakdvoCdcFZz\nrI9x3I3Th/0Y91MiVLpst57VoEByjnV5JPizfMUtvZ+a6agY+GOrw884HOlJ9AKd\nXoV+O68gjKO/Nu7j6tJYvcISsvNv0MdDJDzg7Qlqn60gDB1/S170HtD6tmaA8PBM\nmkBnZ7RRF/TIW/WKnXZDVNwgfydMi1TKXr7AJNVNH8eJ+5aj+JsCh4eKCvcq4qcN\nphPTU0+NkyjCFfzFpiET7o3gCn8+iw0v3fJnMe27eIkXDjLxkBptTFr3oYR2MZJH\ncp0y9+VbACcif5vBZ91iRN5DszzZJuzz33l+NAq7BP4RF2FJy3By3sLmhUWeKiyi\ndc49X2qQ35j07yRJBfHEBr3bMxnkEn/8x8636vV0D10zhp4EUwMztaWeCmDJLSJa\nUtPMksmsk3A6QDfH3+9tVv8TxSnwSnJ0k/1pyFo+AnuVdsvdPAyKCr6BFVu7nRaz\n8tsjnvi4Vr1h0XqG5brU0ON9vyhj8HJvGAgWRlx8G1z6MyZOZpRtvlLOAkmtLWCY\ns1DlNx3FKtci6KMz7384xhT3f5HmcyDW6Osb8uOhysvJaE711/PGtqJmbdAoWmNY\nMPUAAAc4PnGWMT5xljEAAAAHc3NoLXJzYQAAAgEAza7ZmTVNnWC7czV7Wc0APFAd\n0Wrv0kOOuGzo+EPjuk+SVwcV6fgVBG42/RRqEusD0C6tr+V8p/pT7lncPt6t8yH1\n0pVIlakdvoCdcFZzrI9x3I3Th/0Y91MiVLpst57VoEByjnV5JPizfMUtvZ+a6agY\n+GOrw884HOlJ9AKdXoV+O68gjKO/Nu7j6tJYvcISsvNv0MdDJDzg7Qlqn60gDB1/\nS170HtD6tmaA8PBMmkBnZ7RRF/TIW/WKnXZDVNwgfydMi1TKXr7AJNVNH8eJ+5aj\n+JsCh4eKCvcq4qcNphPTU0+NkyjCFfzFpiET7o3gCn8+iw0v3fJnMe27eIkXDjLx\nkBptTFr3oYR2MZJHcp0y9+VbACcif5vBZ91iRN5DszzZJuzz33l+NAq7BP4RF2FJ\ny3By3sLmhUWeKiyidc49X2qQ35j07yRJBfHEBr3bMxnkEn/8x8636vV0D10zhp4E\nUwMztaWeCmDJLSJaUtPMksmsk3A6QDfH3+9tVv8TxSnwSnJ0k/1pyFo+AnuVdsvd\nPAyKCr6BFVu7nRaz8tsjnvi4Vr1h0XqG5brU0ON9vyhj8HJvGAgWRlx8G1z6MyZO\nZpRtvlLOAkmtLWCYs1DlNx3FKtci6KMz7384xhT3f5HmcyDW6Osb8uOhysvJaE71\n1/PGtqJmbdAoWmNYMPUAAAADAQABAAACABKbT2KwExYPmtAwoGNeoOIpOpP9S+Cw\n7TJQjUAYSXugmH54TPUzf23n1+BL089jpJ6qpQUVNOev7556UUBRaK8RUr76yOwx\nC63LeMf21NQMI01uecUC58VH/K0UMvg8ItsyY//whJsMR0Bxnf0EzpYgoib7l/Lz\ncKy84KHLCBggP2vVdekDJIMrApdK8W2JJvk6qHzclH2svDRKoR38zWS12RQlF4nK\nIe6/lck2E9fzHOehb6Huf57stt4ecAzh36wLuWhJWAf7fZUCGXisgRZaFE9Nxowi\n03bBJrIGUWfFbLKhWboG+o0pUWqr8gpR71iZFjwCCg3WpfCQWbXtFkFa+hJNmxUT\nELC+67Owmaz2GKWPGDomYZYsxBcVcdSMIPBOebuqTVwDk7zUkY6CGRlTnFkYEpQa\nESZP8NWAsc60NbOFtmPKhpq9qTYP0QSs+xhn/M+a3zCKejONSfaKVWMWEMjOzCEj\nW5g9wPQN0PP9NHK9wQj2EgbZiGmr2Su30T/HtcddGejWz7skh9UgZTnlFc9T7WxH\naF9J6Cwh+e1l3gC10J9yNqj9swxz1ECeg+gvs2Iks/A7sw6fRNcj6z5GE51s6QGt\n37+2VeA8zKTJh8nekNyr6VhaBFvCyJbU+jDOy7CM9PQTY20dWJB3PB8vA90Yqk2J\n8Pjus3Ic12ipAAABAQC8H7g4jXHhhIa8bNgY1jdoLoPok6AoLH3k1CWebcjIfses\nkWkHxrmAHlqIMlaZmhMVaYxUJv3oy0H5i43NyjVvt3IpBiUMsfCe2sHyxCCVAn4n\nlYwusHv87cDv0ZdkNO2VnJYVb23rJv1a3au/eaTkYlzONpTwTfpGdRlXpObdxmGy\n4aRF0d/sXILo0ArrUGvS3h5XyUNTkJ5KkSyqln+JPeav365PdquDCuxM+n9iYYuH\nfMbBIIwyDIjNMHe0NxCHlz8oCqk9eyBdLXHKsAXeP+Wq9WMypt/qCKEXpMGucqH6\nK/9zs3fxGPHBZfC2fCIo8NSqPE/SQ2VjjHAVrNYEAAABAQDXYMqqtWcTBgYBNsd6\nsuQ1hCZiBwLeNAsC5gx02r4RO30cRq54mnhbGX1HKpu5ios4zrSr/LO8fcC6Pd/D\nmrHnVbrTTpoN/I7IK+4BBD/gOgyk6WWXCNsEd53zQ5tgfjbjYp7OwQfvhpOWogh5\nnIA8IUGScn6GB3t5eltXSp7woCIAFML6lpGUAxIwgCPK35DZRsfiJqMpWycuNB/Z\nRcNaZLti/ouPngpZVvSv8kg0pKiEje4D+eRLdMG7yFiHL89nNCG7pXiHVfTaysER\nqm5myubRvSsyv1T0Kc4TCdGSr9RFY3KgZBMilinDznxAp3WEI2c1iIRlDe4jwkkO\nhiubAAABAQD0efIZNkwhJkQ4LnYkA8c2A5TQI+QDQBILiBVrT5+HyyLWL4ZMow3l\nqmOOozDycWKlV7y7uX4atRf6jvL6B6W0OQjSl48rH0yDqyrz7TWxzBj+31h+CJci\nn39DaXyjndi4P3mOQDCC5/RbRcfRUOb3c9Gf2OyuTuHWQaJ2rYwOd69T4FkGrjnh\nnlu0OJoyaHpx1m3B6vPERcvEBUGshAEM0ZqtEl+YePAimJp4ynLqeKbKt3Hca1/L\nzam4Pn7Hhk0BbpPuENjishqzPelFXUJ9JivAWv6ophAR3MW3aqzgp/hKGdf4kWtm\n15NgATrN8y5GKBNzkUQMTMYKzX3uXEavAAAAAAEC\n-----END OPENSSH PRIVATE KEY-----\n",
            "private_key_pem": "-----BEGIN RSA PRIVATE KEY-----\nMIIJKQIBAAKCAgEAza7ZmTVNnWC7czV7Wc0APFAd0Wrv0kOOuGzo+EPjuk+SVwcV\n6fgVBG42/RRqEusD0C6tr+V8p/pT7lncPt6t8yH10pVIlakdvoCdcFZzrI9x3I3T\nh/0Y91MiVLpst57VoEByjnV5JPizfMUtvZ+a6agY+GOrw884HOlJ9AKdXoV+O68g\njKO/Nu7j6tJYvcISsvNv0MdDJDzg7Qlqn60gDB1/S170HtD6tmaA8PBMmkBnZ7RR\nF/TIW/WKnXZDVNwgfydMi1TKXr7AJNVNH8eJ+5aj+JsCh4eKCvcq4qcNphPTU0+N\nkyjCFfzFpiET7o3gCn8+iw0v3fJnMe27eIkXDjLxkBptTFr3oYR2MZJHcp0y9+Vb\nACcif5vBZ91iRN5DszzZJuzz33l+NAq7BP4RF2FJy3By3sLmhUWeKiyidc49X2qQ\n35j07yRJBfHEBr3bMxnkEn/8x8636vV0D10zhp4EUwMztaWeCmDJLSJaUtPMksms\nk3A6QDfH3+9tVv8TxSnwSnJ0k/1pyFo+AnuVdsvdPAyKCr6BFVu7nRaz8tsjnvi4\nVr1h0XqG5brU0ON9vyhj8HJvGAgWRlx8G1z6MyZOZpRtvlLOAkmtLWCYs1DlNx3F\nKtci6KMz7384xhT3f5HmcyDW6Osb8uOhysvJaE711/PGtqJmbdAoWmNYMPUCAwEA\nAQKCAgASm09isBMWD5rQMKBjXqDiKTqT/UvgsO0yUI1AGEl7oJh+eEz1M39t59fg\nS9PPY6SeqqUFFTTnr++eelFAUWivEVK++sjsMQuty3jH9tTUDCNNbnnFAufFR/yt\nFDL4PCLbMmP/8ISbDEdAcZ39BM6WIKIm+5fy83CsvOChywgYID9r1XXpAySDKwKX\nSvFtiSb5Oqh83JR9rLw0SqEd/M1ktdkUJReJyiHuv5XJNhPX8xznoW+h7n+e7Lbe\nHnAM4d+sC7loSVgH+32VAhl4rIEWWhRPTcaMItN2wSayBlFnxWyyoVm6BvqNKVFq\nq/IKUe9YmRY8AgoN1qXwkFm17RZBWvoSTZsVExCwvuuzsJms9hiljxg6JmGWLMQX\nFXHUjCDwTnm7qk1cA5O81JGOghkZU5xZGBKUGhEmT/DVgLHOtDWzhbZjyoaavak2\nD9EErPsYZ/zPmt8winozjUn2ilVjFhDIzswhI1uYPcD0DdDz/TRyvcEI9hIG2Yhp\nq9krt9E/x7XHXRno1s+7JIfVIGU55RXPU+1sR2hfSegsIfntZd4AtdCfcjao/bMM\nc9RAnoPoL7NiJLPwO7MOn0TXI+s+RhOdbOkBrd+/tlXgPMykyYfJ3pDcq+lYWgRb\nwsiW1PowzsuwjPT0E2NtHViQdzwfLwPdGKpNifD47rNyHNdoqQKCAQEA12DKqrVn\nEwYGATbHerLkNYQmYgcC3jQLAuYMdNq+ETt9HEaueJp4Wxl9RyqbuYqLOM60q/yz\nvH3Auj3fw5qx51W6006aDfyOyCvuAQQ/4DoMpOlllwjbBHed80ObYH4242KezsEH\n74aTlqIIeZyAPCFBknJ+hgd7eXpbV0qe8KAiABTC+paRlAMSMIAjyt+Q2UbH4iaj\nKVsnLjQf2UXDWmS7Yv6Lj54KWVb0r/JINKSohI3uA/nkS3TBu8hYhy/PZzQhu6V4\nh1X02srBEapuZsrm0b0rMr9U9CnOEwnRkq/URWNyoGQTIpYpw858QKd1hCNnNYiE\nZQ3uI8JJDoYrmwKCAQEA9HnyGTZMISZEOC52JAPHNgOU0CPkA0ASC4gVa0+fh8si\n1i+GTKMN5apjjqMw8nFipVe8u7l+GrUX+o7y+geltDkI0pePKx9Mg6sq8+01scwY\n/t9YfgiXIp9/Q2l8o53YuD95jkAwguf0W0XH0VDm93PRn9jsrk7h1kGidq2MDnev\nU+BZBq454Z5btDiaMmh6cdZtwerzxEXLxAVBrIQBDNGarRJfmHjwIpiaeMpy6nim\nyrdx3Gtfy82puD5+x4ZNAW6T7hDY4rIasz3pRV1CfSYrwFr+qKYQEdzFt2qs4Kf4\nShnX+JFrZteTYAE6zfMuRigTc5FEDEzGCs197lxGrwKCAQAAoza2XqcZdVEbO9BH\nWrQ2PFfovmCRy9Gkho3O4r7hSi3KoaLulHZ6vo6SYVvoprJWzrXWNH9LtYuWgYxi\nBdk0+Bn/eiIWnILHsOmZcyvFPCbBbjdwxQPw9XGwQKj7FiSPc8FIl2WwndNeBMjF\no2L1yptpFZGuT+NbrrMKhRwHVlIDcgxJtZxktcWeAyMX/KVvHziEQN0GyFBLYLgf\naodzgwzS9DHxkOQy84Dx7GOuVDZzfgAQXvMADi5soeExNUEF6y+WYJ0EuYpqA2Oi\n68A76anZQRgZpFtaBa2ofMT0DDUyp2K1etZbqdohzECt6FD+vSQXEnph2jK0RGT2\n+Aq1AoIBAQDLMjwV1npqJwsWgw9wma9O5qUeZmZSiUM2UHI1EiXvUNhwm2mNcwzO\n8dLzsBGzwKgT8xuMD/2PJyt59qxfQlHovGrn1k6Jseb/nRoDSgqR76hq1qoPfwZX\nIag+GIQe3chOQ3u9zv5DH5WK8zHEePCvhZUavcriie/NDBqDd3VsZO/V0CdOlSrI\nqr1fypfnA82ZpnbtcWIQpU5aa2ANil3xEJn19cp8yTAWIS5q7SGcXpGK9fPuF1S0\n6QiCeXcYUTjZ0tWjTl9l9FCa3/9txrjHmh1NMJRvCi9bGVtAOqrbwuBsfpRyJjPV\nc6Irbno4yUGR0Cdyq6+aZYlJW0irAAlDAoIBAQC8H7g4jXHhhIa8bNgY1jdoLoPo\nk6AoLH3k1CWebcjIfseskWkHxrmAHlqIMlaZmhMVaYxUJv3oy0H5i43NyjVvt3Ip\nBiUMsfCe2sHyxCCVAn4nlYwusHv87cDv0ZdkNO2VnJYVb23rJv1a3au/eaTkYlzO\nNpTwTfpGdRlXpObdxmGy4aRF0d/sXILo0ArrUGvS3h5XyUNTkJ5KkSyqln+JPeav\n365PdquDCuxM+n9iYYuHfMbBIIwyDIjNMHe0NxCHlz8oCqk9eyBdLXHKsAXeP+Wq\n9WMypt/qCKEXpMGucqH6K/9zs3fxGPHBZfC2fCIo8NSqPE/SQ2VjjHAVrNYE\n-----END RSA PRIVATE KEY-----\n",
            "private_key_pem_pkcs8": "-----BEGIN PRIVATE KEY-----\nMIIJQwIBADANBgkqhkiG9w0BAQEFAASCCS0wggkpAgEAAoICAQDNrtmZNU2dYLtz\nNXtZzQA8UB3Rau/SQ464bOj4Q+O6T5JXBxXp+BUEbjb9FGoS6wPQLq2v5Xyn+lPu\nWdw+3q3zIfXSlUiVqR2+gJ1wVnOsj3HcjdOH/Rj3UyJUumy3ntWgQHKOdXkk+LN8\nxS29n5rpqBj4Y6vDzzgc6Un0Ap1ehX47ryCMo7827uPq0li9whKy82/Qx0MkPODt\nCWqfrSAMHX9LXvQe0Pq2ZoDw8EyaQGdntFEX9Mhb9YqddkNU3CB/J0yLVMpevsAk\n1U0fx4n7lqP4mwKHh4oK9yripw2mE9NTT42TKMIV/MWmIRPujeAKfz6LDS/d8mcx\n7bt4iRcOMvGQGm1MWvehhHYxkkdynTL35VsAJyJ/m8Fn3WJE3kOzPNkm7PPfeX40\nCrsE/hEXYUnLcHLewuaFRZ4qLKJ1zj1fapDfmPTvJEkF8cQGvdszGeQSf/zHzrfq\n9XQPXTOGngRTAzO1pZ4KYMktIlpS08ySyayTcDpAN8ff721W/xPFKfBKcnST/WnI\nWj4Ce5V2y908DIoKvoEVW7udFrPy2yOe+LhWvWHReoblutTQ432/KGPwcm8YCBZG\nXHwbXPozJk5mlG2+Us4CSa0tYJizUOU3HcUq1yLoozPvfzjGFPd/keZzINbo6xvy\n46HKy8loTvXX88a2omZt0ChaY1gw9QIDAQABAoICABKbT2KwExYPmtAwoGNeoOIp\nOpP9S+Cw7TJQjUAYSXugmH54TPUzf23n1+BL089jpJ6qpQUVNOev7556UUBRaK8R\nUr76yOwxC63LeMf21NQMI01uecUC58VH/K0UMvg8ItsyY//whJsMR0Bxnf0EzpYg\noib7l/LzcKy84KHLCBggP2vVdekDJIMrApdK8W2JJvk6qHzclH2svDRKoR38zWS1\n2RQlF4nKIe6/lck2E9fzHOehb6Huf57stt4ecAzh36wLuWhJWAf7fZUCGXisgRZa\nFE9Nxowi03bBJrIGUWfFbLKhWboG+o0pUWqr8gpR71iZFjwCCg3WpfCQWbXtFkFa\n+hJNmxUTELC+67Owmaz2GKWPGDomYZYsxBcVcdSMIPBOebuqTVwDk7zUkY6CGRlT\nnFkYEpQaESZP8NWAsc60NbOFtmPKhpq9qTYP0QSs+xhn/M+a3zCKejONSfaKVWMW\nEMjOzCEjW5g9wPQN0PP9NHK9wQj2EgbZiGmr2Su30T/HtcddGejWz7skh9UgZTnl\nFc9T7WxHaF9J6Cwh+e1l3gC10J9yNqj9swxz1ECeg+gvs2Iks/A7sw6fRNcj6z5G\nE51s6QGt37+2VeA8zKTJh8nekNyr6VhaBFvCyJbU+jDOy7CM9PQTY20dWJB3PB8v\nA90Yqk2J8Pjus3Ic12ipAoIBAQDXYMqqtWcTBgYBNsd6suQ1hCZiBwLeNAsC5gx0\n2r4RO30cRq54mnhbGX1HKpu5ios4zrSr/LO8fcC6Pd/DmrHnVbrTTpoN/I7IK+4B\nBD/gOgyk6WWXCNsEd53zQ5tgfjbjYp7OwQfvhpOWogh5nIA8IUGScn6GB3t5eltX\nSp7woCIAFML6lpGUAxIwgCPK35DZRsfiJqMpWycuNB/ZRcNaZLti/ouPngpZVvSv\n8kg0pKiEje4D+eRLdMG7yFiHL89nNCG7pXiHVfTaysERqm5myubRvSsyv1T0Kc4T\nCdGSr9RFY3KgZBMilinDznxAp3WEI2c1iIRlDe4jwkkOhiubAoIBAQD0efIZNkwh\nJkQ4LnYkA8c2A5TQI+QDQBILiBVrT5+HyyLWL4ZMow3lqmOOozDycWKlV7y7uX4a\ntRf6jvL6B6W0OQjSl48rH0yDqyrz7TWxzBj+31h+CJcin39DaXyjndi4P3mOQDCC\n5/RbRcfRUOb3c9Gf2OyuTuHWQaJ2rYwOd69T4FkGrjnhnlu0OJoyaHpx1m3B6vPE\nRcvEBUGshAEM0ZqtEl+YePAimJp4ynLqeKbKt3Hca1/Lzam4Pn7Hhk0BbpPuENji\nshqzPelFXUJ9JivAWv6ophAR3MW3aqzgp/hKGdf4kWtm15NgATrN8y5GKBNzkUQM\nTMYKzX3uXEavAoIBAACjNrZepxl1URs70EdatDY8V+i+YJHL0aSGjc7ivuFKLcqh\nou6Udnq+jpJhW+imslbOtdY0f0u1i5aBjGIF2TT4Gf96Ihacgsew6ZlzK8U8JsFu\nN3DFA/D1cbBAqPsWJI9zwUiXZbCd014EyMWjYvXKm2kVka5P41uuswqFHAdWUgNy\nDEm1nGS1xZ4DIxf8pW8fOIRA3QbIUEtguB9qh3ODDNL0MfGQ5DLzgPHsY65UNnN+\nABBe8wAOLmyh4TE1QQXrL5ZgnQS5imoDY6LrwDvpqdlBGBmkW1oFrah8xPQMNTKn\nYrV61lup2iHMQK3oUP69JBcSemHaMrREZPb4CrUCggEBAMsyPBXWemonCxaDD3CZ\nr07mpR5mZlKJQzZQcjUSJe9Q2HCbaY1zDM7x0vOwEbPAqBPzG4wP/Y8nK3n2rF9C\nUei8aufWTomx5v+dGgNKCpHvqGrWqg9/BlchqD4YhB7dyE5De73O/kMflYrzMcR4\n8K+FlRq9yuKJ780MGoN3dWxk79XQJ06VKsiqvV/Kl+cDzZmmdu1xYhClTlprYA2K\nXfEQmfX1ynzJMBYhLmrtIZxekYr18+4XVLTpCIJ5dxhRONnS1aNOX2X0UJrf/23G\nuMeaHU0wlG8KL1sZW0A6qtvC4Gx+lHImM9VzoituejjJQZHQJ3Krr5pliUlbSKsA\nCUMCggEBALwfuDiNceGEhrxs2BjWN2gug+iToCgsfeTUJZ5tyMh+x6yRaQfGuYAe\nWogyVpmaExVpjFQm/ejLQfmLjc3KNW+3cikGJQyx8J7awfLEIJUCfieVjC6we/zt\nwO/Rl2Q07ZWclhVvbesm/Vrdq795pORiXM42lPBN+kZ1GVek5t3GYbLhpEXR3+xc\ngujQCutQa9LeHlfJQ1OQnkqRLKqWf4k95q/frk92q4MK7Ez6f2Jhi4d8xsEgjDIM\niM0wd7Q3EIeXPygKqT17IF0tccqwBd4/5ar1YzKm3+oIoRekwa5yofor/3Ozd/EY\n8cFl8LZ8Iijw1Ko8T9JDZWOMcBWs1gQ=\n-----END PRIVATE KEY-----\n",
            "public_key_fingerprint_md5": "4c:f3:b0:3c:bb:91:e8:a1:a5:98:11:6b:92:23:ce:43",
            "public_key_fingerprint_sha256": "SHA256:QHuwejoARDzM63hyAHllmVSWkIRq8LXeyudFt2hm9JE",
            "public_key_openssh": "ssh-rsa AAAAB3NzaC1yc2EAAAADAQABAAACAQDNrtmZNU2dYLtzNXtZzQA8UB3Rau/SQ464bOj4Q+O6T5JXBxXp+BUEbjb9FGoS6wPQLq2v5Xyn+lPuWdw+3q3zIfXSlUiVqR2+gJ1wVnOsj3HcjdOH/Rj3UyJUumy3ntWgQHKOdXkk+LN8xS29n5rpqBj4Y6vDzzgc6Un0Ap1ehX47ryCMo7827uPq0li9whKy82/Qx0MkPODtCWqfrSAMHX9LXvQe0Pq2ZoDw8EyaQGdntFEX9Mhb9YqddkNU3CB/J0yLVMpevsAk1U0fx4n7lqP4mwKHh4oK9yripw2mE9NTT42TKMIV/MWmIRPujeAKfz6LDS/d8mcx7bt4iRcOMvGQGm1MWvehhHYxkkdynTL35VsAJyJ/m8Fn3WJE3kOzPNkm7PPfeX40CrsE/hEXYUnLcHLewuaFRZ4qLKJ1zj1fapDfmPTvJEkF8cQGvdszGeQSf/zHzrfq9XQPXTOGngRTAzO1pZ4KYMktIlpS08ySyayTcDpAN8ff721W/xPFKfBKcnST/WnIWj4Ce5V2y908DIoKvoEVW7udFrPy2yOe+LhWvWHReoblutTQ432/KGPwcm8YCBZGXHwbXPozJk5mlG2+Us4CSa0tYJizUOU3HcUq1yLoozPvfzjGFPd/keZzINbo6xvy46HKy8loTvXX88a2omZt0ChaY1gw9Q==\n",
            "public_key_pem": "-----BEGIN PUBLIC KEY-----\nMIICIjANBgkqhkiG9w0BAQEFAAOCAg8AMIICCgKCAgEAza7ZmTVNnWC7czV7Wc0A\nPFAd0Wrv0kOOuGzo+EPjuk+SVwcV6fgVBG42/RRqEusD0C6tr+V8p/pT7lncPt6t\n8yH10pVIlakdvoCdcFZzrI9x3I3Th/0Y91MiVLpst57VoEByjnV5JPizfMUtvZ+a\n6agY+GOrw884HOlJ9AKdXoV+O68gjKO/Nu7j6tJYvcISsvNv0MdDJDzg7Qlqn60g\nDB1/S170HtD6tmaA8PBMmkBnZ7RRF/TIW/WKnXZDVNwgfydMi1TKXr7AJNVNH8eJ\n+5aj+JsCh4eKCvcq4qcNphPTU0+NkyjCFfzFpiET7o3gCn8+iw0v3fJnMe27eIkX\nDjLxkBptTFr3oYR2MZJHcp0y9+VbACcif5vBZ91iRN5DszzZJuzz33l+NAq7BP4R\nF2FJy3By3sLmhUWeKiyidc49X2qQ35j07yRJBfHEBr3bMxnkEn/8x8636vV0D10z\nhp4EUwMztaWeCmDJLSJaUtPMksmsk3A6QDfH3+9tVv8TxSnwSnJ0k/1pyFo+AnuV\ndsvdPAyKCr6BFVu7nRaz8tsjnvi4Vr1h0XqG5brU0ON9vyhj8HJvGAgWRlx8G1z6\nMyZOZpRtvlLOAkmtLWCYs1DlNx3FKtci6KMz7384xhT3f5HmcyDW6Osb8uOhysvJ\naE711/PGtqJmbdAoWmNYMPUCAwEAAQ==\n-----END PUBLIC KEY-----\n",
            "rsa_bits": 4096
          },
          "sensitive_attributes": [
            [
              {
                "type": "get_attr",
                "value": "private_key_openssh"
              }
            ],
            [
              {
                "type": "get_attr",
                "value": "private_key_pem"
              }
            ],
            [
              {
                "type": "get_attr",
                "value": "private_key_pem_pkcs8"
              }
            ]
          ],
          "identity_schema_version": 0
        }
      ]
    },
    {
      "mode": "managed",
      "type": "tls_private_key",
      "name": "argocd_server",
      "provider": "provider[\"registry.terraform.io/hashicorp/tls\"]",
      "instances": [
        {
          "schema_version": 1,
          "attributes": {
            "algorithm": "RSA",
            "ecdsa_curve": "P224",
            "id": "a78e6b50ab41f71eef4afb2f3e38e0e9eb7e65d0",
            "private_key_openssh": "-----BEGIN OPENSSH PRIVATE KEY-----\nb3BlbnNzaC1rZXktdjEAAAAABG5vbmUAAAAEbm9uZQAAAAAAAAABAAABFwAAAAdz\nc2gtcnNhAAAAAwEAAQAAAQEAn1BZkAp3erOYFVmulepN1NFrirnafExPDlOeh/ru\nY1owOxojnANT4orYpPYipezUim/OpaLIMNw0i0UDFl02LnJYfaYG/h+qiWsn3eBE\nXhl05aVlsKl2/sLVr2xwWbA63y8PTLU0f4HO0+XlrLqrj0/vyKGwo3c/ugSZ7cOF\nf8V9bgmU4kg7iHl+Uu+Sr8HZC4k2okmSWeKJwON/F5qLrITawRTmBnnNAHQxKHR/\nKGXcSoIDNBpPCjpSVIW0aLoD5T73vAfwe8CErA3ct/wCQK+u4cwkXsraVVzgt8vN\nH168myqEBAkM/9c0cfezQ2eb7Lhvkl68qQB7El9seeqXuQAAA7jvAxRg7wMUYAAA\nAAdzc2gtcnNhAAABAQCfUFmQCnd6s5gVWa6V6k3U0WuKudp8TE8OU56H+u5jWjA7\nGiOcA1Piitik9iKl7NSKb86losgw3DSLRQMWXTYuclh9pgb+H6qJayfd4EReGXTl\npWWwqXb+wtWvbHBZsDrfLw9MtTR/gc7T5eWsuquPT+/IobCjdz+6BJntw4V/xX1u\nCZTiSDuIeX5S75KvwdkLiTaiSZJZ4onA438XmoushNrBFOYGec0AdDEodH8oZdxK\nggM0Gk8KOlJUhbRougPlPve8B/B7wISsDdy3/AJAr67hzCReytpVXOC3y80fXryb\nKoQECQz/1zRx97NDZ5vsuG+SXrypAHsSX2x56pe5AAAAAwEAAQAAAQARaF0w8QPX\nI3KVuqPp+50fiPaARQiLlmb5AMgMwa10q7EjdBq5/F8ZHOTJOZ/Vk4gxzD+/N4c6\nV4ViRlstAWhfMN1cdVzEPb+LnmrPwqaVxaBRS35ODGZVNgLVVTr9gdUc9+5rCk2/\nNPbdjnxHIGqIkUp5GLnNUsVi1QfgxAF9UXHWooJyXTZIJlnP4JJjh5fCGdNgSqAy\nLWB+thhQci3fEPbZLkbN72ctfjJEx0DdN1/Hx0TNVuINoiw1rdWcoZA2249pJf1f\na0N+09LjDH6Z75IcYiZuHE+s/+rvOy0HAzQKwJgD+0A/V6kr+eDycyfrQ6gsZVUK\nrx9Kge2nOlwFAAAAgQCTyVtIQA3NXOZYA6hPcUOVlR+TF+lN7sCV3L4z7GHA7/NR\n0kBAkH02A3fDxUidnK+ee5C4qW9a0LlvTIzgP1SnWTDUIDNzPhS3RshzQlREena5\nhUwqYT/hnrJyQqLsLkDvWPtah1HOQePxwkfaKEXzI1Ax4c1McBZbn/IMbEuXNQAA\nAIEA0VcAKUkZDp/IL+ymEo5hpvpitEVwX6cVsCpR0jnkIkXmela4rvKoMdYsiP4+\nz586nMGmDJufmPB47N6bgXKuX+WTH90cG2v3Eoil7UATAdE+zd1iScq2I6MzOXT2\nvm5hPRcFz1qSgpZOGnxTyzs0zvjSNOH/+HnndeKgR5ws2QMAAACBAMLS2cOCml06\nm23Zx293tfKWXedHSqYISrLnhRczWZhwIkIqnWwV/feCURprk4pEs2GZH5R6Y8g0\n/P7v7N6vAWwAG7qH9wDN17Z8zabwFdf80qa/aICEUyOvI3iaYMqwjZC/tu2gKKKO\nt86mIdqB0EM7V2VDrK8XY+FFlOH5TamTAAAAAAEC\n-----END OPENSSH PRIVATE KEY-----\n",
            "private_key_pem": "-----BEGIN RSA PRIVATE KEY-----\nMIIEpQIBAAKCAQEAn1BZkAp3erOYFVmulepN1NFrirnafExPDlOeh/ruY1owOxoj\nnANT4orYpPYipezUim/OpaLIMNw0i0UDFl02LnJYfaYG/h+qiWsn3eBEXhl05aVl\nsKl2/sLVr2xwWbA63y8PTLU0f4HO0+XlrLqrj0/vyKGwo3c/ugSZ7cOFf8V9bgmU\n4kg7iHl+Uu+Sr8HZC4k2okmSWeKJwON/F5qLrITawRTmBnnNAHQxKHR/KGXcSoID\nNBpPCjpSVIW0aLoD5T73vAfwe8CErA3ct/wCQK+u4cwkXsraVVzgt8vNH168myqE\nBAkM/9c0cfezQ2eb7Lhvkl68qQB7El9seeqXuQIDAQABAoIBABFoXTDxA9cjcpW6\no+n7nR+I9oBFCIuWZvkAyAzBrXSrsSN0Grn8Xxkc5Mk5n9WTiDHMP783hzpXhWJG\nWy0BaF8w3Vx1XMQ9v4ueas/CppXFoFFLfk4MZlU2AtVVOv2B1Rz37msKTb809t2O\nfEcgaoiRSnkYuc1SxWLVB+DEAX1RcdaignJdNkgmWc/gkmOHl8IZ02BKoDItYH62\nGFByLd8Q9tkuRs3vZy1+MkTHQN03X8fHRM1W4g2iLDWt1ZyhkDbbj2kl/V9rQ37T\n0uMMfpnvkhxiJm4cT6z/6u87LQcDNArAmAP7QD9XqSv54PJzJ+tDqCxlVQqvH0qB\n7ac6XAUCgYEA0VcAKUkZDp/IL+ymEo5hpvpitEVwX6cVsCpR0jnkIkXmela4rvKo\nMdYsiP4+z586nMGmDJufmPB47N6bgXKuX+WTH90cG2v3Eoil7UATAdE+zd1iScq2\nI6MzOXT2vm5hPRcFz1qSgpZOGnxTyzs0zvjSNOH/+HnndeKgR5ws2QMCgYEAwtLZ\nw4KaXTqbbdnHb3e18pZd50dKpghKsueFFzNZmHAiQiqdbBX994JRGmuTikSzYZkf\nlHpjyDT8/u/s3q8BbAAbuof3AM3XtnzNpvAV1/zSpr9ogIRTI68jeJpgyrCNkL+2\n7aAooo63zqYh2oHQQztXZUOsrxdj4UWU4flNqZMCgYEA0SN788Mll2imFMr191/r\ny2gmqDcfV1CT6FW/PKm9c0gmRF7TT2T6CCASiiKHGeHYKreEbuAjCCZmiS60aRTr\nhL7Ux2adKAAq7Ic8TdRPqOclOYJNKa+tW9k12dcyk3mvB9syYL/50yDakrdW95kE\n3ynSyCZpFhKj3TA2NJSgcYUCgYEAgjhnH9xDC3+p9lHzkRkF/6DsITOwvKucKlq/\nxdMn1tFUxL8xO9azS2XKigtPscLb16d+yULJQT/RvyFlRS7al3K3FgXdXqc3wR1I\nZIXjQ9wUfSpBUm2gGKDu56Tgf3plFVRflBNSNd2JFFJNHH1aVCXs8525ZcsPkrps\nmmKFu4sCgYEAk8lbSEANzVzmWAOoT3FDlZUfkxfpTe7Aldy+M+xhwO/zUdJAQJB9\nNgN3w8VInZyvnnuQuKlvWtC5b0yM4D9Up1kw1CAzcz4Ut0bIc0JURHp2uYVMKmE/\n4Z6yckKi7C5A71j7WodRzkHj8cJH2ihF8yNQMeHNTHAWW5/yDGxLlzU=\n-----END RSA PRIVATE KEY-----\n",
            "private_key_pem_pkcs8": "-----BEGIN PRIVATE KEY-----\nMIIEvwIBADANBgkqhkiG9w0BAQEFAASCBKkwggSlAgEAAoIBAQCfUFmQCnd6s5gV\nWa6V6k3U0WuKudp8TE8OU56H+u5jWjA7GiOcA1Piitik9iKl7NSKb86losgw3DSL\nRQMWXTYuclh9pgb+H6qJayfd4EReGXTlpWWwqXb+wtWvbHBZsDrfLw9MtTR/gc7T\n5eWsuquPT+/IobCjdz+6BJntw4V/xX1uCZTiSDuIeX5S75KvwdkLiTaiSZJZ4onA\n438XmoushNrBFOYGec0AdDEodH8oZdxKggM0Gk8KOlJUhbRougPlPve8B/B7wISs\nDdy3/AJAr67hzCReytpVXOC3y80fXrybKoQECQz/1zRx97NDZ5vsuG+SXrypAHsS\nX2x56pe5AgMBAAECggEAEWhdMPED1yNylbqj6fudH4j2gEUIi5Zm+QDIDMGtdKux\nI3QaufxfGRzkyTmf1ZOIMcw/vzeHOleFYkZbLQFoXzDdXHVcxD2/i55qz8KmlcWg\nUUt+TgxmVTYC1VU6/YHVHPfuawpNvzT23Y58RyBqiJFKeRi5zVLFYtUH4MQBfVFx\n1qKCcl02SCZZz+CSY4eXwhnTYEqgMi1gfrYYUHIt3xD22S5Gze9nLX4yRMdA3Tdf\nx8dEzVbiDaIsNa3VnKGQNtuPaSX9X2tDftPS4wx+me+SHGImbhxPrP/q7zstBwM0\nCsCYA/tAP1epK/ng8nMn60OoLGVVCq8fSoHtpzpcBQKBgQDRVwApSRkOn8gv7KYS\njmGm+mK0RXBfpxWwKlHSOeQiReZ6Vriu8qgx1iyI/j7PnzqcwaYMm5+Y8Hjs3puB\ncq5f5ZMf3Rwba/cSiKXtQBMB0T7N3WJJyrYjozM5dPa+bmE9FwXPWpKClk4afFPL\nOzTO+NI04f/4eed14qBHnCzZAwKBgQDC0tnDgppdOptt2cdvd7Xyll3nR0qmCEqy\n54UXM1mYcCJCKp1sFf33glEaa5OKRLNhmR+UemPINPz+7+zerwFsABu6h/cAzde2\nfM2m8BXX/NKmv2iAhFMjryN4mmDKsI2Qv7btoCiijrfOpiHagdBDO1dlQ6yvF2Ph\nRZTh+U2pkwKBgQDRI3vzwyWXaKYUyvX3X+vLaCaoNx9XUJPoVb88qb1zSCZEXtNP\nZPoIIBKKIocZ4dgqt4Ru4CMIJmaJLrRpFOuEvtTHZp0oACrshzxN1E+o5yU5gk0p\nr61b2TXZ1zKTea8H2zJgv/nTINqSt1b3mQTfKdLIJmkWEqPdMDY0lKBxhQKBgQCC\nOGcf3EMLf6n2UfORGQX/oOwhM7C8q5wqWr/F0yfW0VTEvzE71rNLZcqKC0+xwtvX\np37JQslBP9G/IWVFLtqXcrcWBd1epzfBHUhkheND3BR9KkFSbaAYoO7npOB/emUV\nVF+UE1I13YkUUk0cfVpUJezznbllyw+SumyaYoW7iwKBgQCTyVtIQA3NXOZYA6hP\ncUOVlR+TF+lN7sCV3L4z7GHA7/NR0kBAkH02A3fDxUidnK+ee5C4qW9a0LlvTIzg\nP1SnWTDUIDNzPhS3RshzQlREena5hUwqYT/hnrJyQqLsLkDvWPtah1HOQePxwkfa\nKEXzI1Ax4c1McBZbn/IMbEuXNQ==\n-----END PRIVATE KEY-----\n",
            "public_key_fingerprint_md5": "14:7c:2f:87:2c:e2:e1:b8:71:66:f0:13:7d:d2:fd:ed",
            "public_key_fingerprint_sha256": "SHA256:+BAzNBZcKrFp9vHeIjdJQgB2O7HOZX0+W6bJI24OnS4",
            "public_key_openssh": "ssh-rsa AAAAB3NzaC1yc2EAAAADAQABAAABAQCfUFmQCnd6s5gVWa6V6k3U0WuKudp8TE8OU56H+u5jWjA7GiOcA1Piitik9iKl7NSKb86losgw3DSLRQMWXTYuclh9pgb+H6qJayfd4EReGXTlpWWwqXb+wtWvbHBZsDrfLw9MtTR/gc7T5eWsuquPT+/IobCjdz+6BJntw4V/xX1uCZTiSDuIeX5S75KvwdkLiTaiSZJZ4onA438XmoushNrBFOYGec0AdDEodH8oZdxKggM0Gk8KOlJUhbRougPlPve8B/B7wISsDdy3/AJAr67hzCReytpVXOC3y80fXrybKoQECQz/1zRx97NDZ5vsuG+SXrypAHsSX2x56pe5\n",
            "public_key_pem": "-----BEGIN PUBLIC KEY-----\nMIIBIjANBgkqhkiG9w0BAQEFAAOCAQ8AMIIBCgKCAQEAn1BZkAp3erOYFVmulepN\n1NFrirnafExPDlOeh/ruY1owOxojnANT4orYpPYipezUim/OpaLIMNw0i0UDFl02\nLnJYfaYG/h+qiWsn3eBEXhl05aVlsKl2/sLVr2xwWbA63y8PTLU0f4HO0+XlrLqr\nj0/vyKGwo3c/ugSZ7cOFf8V9bgmU4kg7iHl+Uu+Sr8HZC4k2okmSWeKJwON/F5qL\nrITawRTmBnnNAHQxKHR/KGXcSoIDNBpPCjpSVIW0aLoD5T73vAfwe8CErA3ct/wC\nQK+u4cwkXsraVVzgt8vNH168myqEBAkM/9c0cfezQ2eb7Lhvkl68qQB7El9seeqX\nuQIDAQAB\n-----END PUBLIC KEY-----\n",
            "rsa_bits": 2048
          },
          "sensitive_attributes": [
            [
              {
                "type": "get_attr",
                "value": "private_key_openssh"
              }
            ],
            [
              {
                "type": "get_attr",
                "value": "private_key_pem"
              }
            ],
            [
              {
                "type": "get_attr",
                "value": "private_key_pem_pkcs8"
              }
            ]
          ],
          "identity_schema_version": 0
        }
      ]
    },
    {
      "mode": "managed",
      "type": "tls_self_signed_cert",
      "name": "argocd_ca",
      "provider": "provider[\"registry.terraform.io/hashicorp/tls\"]",
      "instances": [
        {
          "schema_version": 0,
          "attributes": {
            "allowed_uses": [
              "cert_signing",
              "crl_signing",
              "key_encipherment"
            ],
            "cert_pem": "-----BEGIN CERTIFICATE-----\nMIIFRTCCAy2gAwIBAgIRAMHA865LYA/tjSvrkew9hsEwDQYJKoZIhvcNAQELBQAw\nPDETMBEGA1UEChMKZGF0YS1zdGFjazElMCMGA1UEAxMcZGF0YS1zdGFjay1sYWIt\naW50ZXJuYWwtcm9vdDAeFw0yNTExMjQwMDQ3MzZaFw0yNjExMjQwMDQ3MzZaMDwx\nEzARBgNVBAoTCmRhdGEtc3RhY2sxJTAjBgNVBAMTHGRhdGEtc3RhY2stbGFiLWlu\ndGVybmFsLXJvb3QwggIiMA0GCSqGSIb3DQEBAQUAA4ICDwAwggIKAoICAQDNrtmZ\nNU2dYLtzNXtZzQA8UB3Rau/SQ464bOj4Q+O6T5JXBxXp+BUEbjb9FGoS6wPQLq2v\n5Xyn+lPuWdw+3q3zIfXSlUiVqR2+gJ1wVnOsj3HcjdOH/Rj3UyJUumy3ntWgQHKO\ndXkk+LN8xS29n5rpqBj4Y6vDzzgc6Un0Ap1ehX47ryCMo7827uPq0li9whKy82/Q\nx0MkPODtCWqfrSAMHX9LXvQe0Pq2ZoDw8EyaQGdntFEX9Mhb9YqddkNU3CB/J0yL\nVMpevsAk1U0fx4n7lqP4mwKHh4oK9yripw2mE9NTT42TKMIV/MWmIRPujeAKfz6L\nDS/d8mcx7bt4iRcOMvGQGm1MWvehhHYxkkdynTL35VsAJyJ/m8Fn3WJE3kOzPNkm\n7PPfeX40CrsE/hEXYUnLcHLewuaFRZ4qLKJ1zj1fapDfmPTvJEkF8cQGvdszGeQS\nf/zHzrfq9XQPXTOGngRTAzO1pZ4KYMktIlpS08ySyayTcDpAN8ff721W/xPFKfBK\ncnST/WnIWj4Ce5V2y908DIoKvoEVW7udFrPy2yOe+LhWvWHReoblutTQ432/KGPw\ncm8YCBZGXHwbXPozJk5mlG2+Us4CSa0tYJizUOU3HcUq1yLoozPvfzjGFPd/keZz\nINbo6xvy46HKy8loTvXX88a2omZt0ChaY1gw9QIDAQABo0IwQDAOBgNVHQ8BAf8E\nBAMCASYwDwYDVR0TAQH/BAUwAwEB/zAdBgNVHQ4EFgQU/vyi2T3R51B/BL5bAjfA\nU6uGbPAwDQYJKoZIhvcNAQELBQADggIBAJ/N2DhZMTEutlluIMhkuRkf+0HhX4eg\noEdsMdOC+KP6wAFrisaCRTEERwAm/++XhSljpoKcnDQru65AVTCxbJEtaXEC/rU/\nk2r0cymReh9KVcEci6QLz9RNilOsHNtESyaCDgbzIOz/Ie0NfK5UaVlX/lc6DxlK\nhcC+0D10yZEbllt+JM44uVQ36fC6NFbbf6VhdfaC0UN02ZckPFKh7385MEjuWzT1\nOE6jA6LGbK9ES6FovJqrb3sHtpxiX0DYd/o/w4aVTgAJgJvV7HvIbmZEmwgeiBKD\nDlAOTOFghaymNz1r1r3PWu1oIB9AnSglVNFcZuCMIDnAh64YN4I6fL1892YO4N52\nfgSqQ+iRUAb0X5O7gnAJTv5z4ll/ClElHxy5PN8Ffyyg0uFu58L1MwYAwi8rIJV9\ngFz9THp/NNdg54zYvdC8F1ooyzjgHTIPd8U+6YtPDGJwM4Ml9FxqAgLZ8nNpSmxF\nWqTmCtTnynUqjlmTjPzmljNCGLiGy74fddRXXYXOERc/GCK+JUpTJ+IOcZH1GzOe\ngncGbVtf9AGgJnrJa6C07jjoyHQFubGHx4MtT1ueYw8NUHY/tbDdCzkFbqyaKVVW\nRWGXvuhjKvSvHAWgn8VgJKtgy24YKDjxWPVzPvu9l3MoIwv3oCWbMxeRAXkzRx06\neuwZQUbSt0d6\n-----END CERTIFICATE-----\n",
            "dns_names": null,
            "early_renewal_hours": 0,
            "id": "257542866617888923045852334652311570113",
            "ip_addresses": null,
            "is_ca_certificate": true,
            "key_algorithm": "RSA",
            "private_key_pem": "-----BEGIN RSA PRIVATE KEY-----\nMIIJKQIBAAKCAgEAza7ZmTVNnWC7czV7Wc0APFAd0Wrv0kOOuGzo+EPjuk+SVwcV\n6fgVBG42/RRqEusD0C6tr+V8p/pT7lncPt6t8yH10pVIlakdvoCdcFZzrI9x3I3T\nh/0Y91MiVLpst57VoEByjnV5JPizfMUtvZ+a6agY+GOrw884HOlJ9AKdXoV+O68g\njKO/Nu7j6tJYvcISsvNv0MdDJDzg7Qlqn60gDB1/S170HtD6tmaA8PBMmkBnZ7RR\nF/TIW/WKnXZDVNwgfydMi1TKXr7AJNVNH8eJ+5aj+JsCh4eKCvcq4qcNphPTU0+N\nkyjCFfzFpiET7o3gCn8+iw0v3fJnMe27eIkXDjLxkBptTFr3oYR2MZJHcp0y9+Vb\nACcif5vBZ91iRN5DszzZJuzz33l+NAq7BP4RF2FJy3By3sLmhUWeKiyidc49X2qQ\n35j07yRJBfHEBr3bMxnkEn/8x8636vV0D10zhp4EUwMztaWeCmDJLSJaUtPMksms\nk3A6QDfH3+9tVv8TxSnwSnJ0k/1pyFo+AnuVdsvdPAyKCr6BFVu7nRaz8tsjnvi4\nVr1h0XqG5brU0ON9vyhj8HJvGAgWRlx8G1z6MyZOZpRtvlLOAkmtLWCYs1DlNx3F\nKtci6KMz7384xhT3f5HmcyDW6Osb8uOhysvJaE711/PGtqJmbdAoWmNYMPUCAwEA\nAQKCAgASm09isBMWD5rQMKBjXqDiKTqT/UvgsO0yUI1AGEl7oJh+eEz1M39t59fg\nS9PPY6SeqqUFFTTnr++eelFAUWivEVK++sjsMQuty3jH9tTUDCNNbnnFAufFR/yt\nFDL4PCLbMmP/8ISbDEdAcZ39BM6WIKIm+5fy83CsvOChywgYID9r1XXpAySDKwKX\nSvFtiSb5Oqh83JR9rLw0SqEd/M1ktdkUJReJyiHuv5XJNhPX8xznoW+h7n+e7Lbe\nHnAM4d+sC7loSVgH+32VAhl4rIEWWhRPTcaMItN2wSayBlFnxWyyoVm6BvqNKVFq\nq/IKUe9YmRY8AgoN1qXwkFm17RZBWvoSTZsVExCwvuuzsJms9hiljxg6JmGWLMQX\nFXHUjCDwTnm7qk1cA5O81JGOghkZU5xZGBKUGhEmT/DVgLHOtDWzhbZjyoaavak2\nD9EErPsYZ/zPmt8winozjUn2ilVjFhDIzswhI1uYPcD0DdDz/TRyvcEI9hIG2Yhp\nq9krt9E/x7XHXRno1s+7JIfVIGU55RXPU+1sR2hfSegsIfntZd4AtdCfcjao/bMM\nc9RAnoPoL7NiJLPwO7MOn0TXI+s+RhOdbOkBrd+/tlXgPMykyYfJ3pDcq+lYWgRb\nwsiW1PowzsuwjPT0E2NtHViQdzwfLwPdGKpNifD47rNyHNdoqQKCAQEA12DKqrVn\nEwYGATbHerLkNYQmYgcC3jQLAuYMdNq+ETt9HEaueJp4Wxl9RyqbuYqLOM60q/yz\nvH3Auj3fw5qx51W6006aDfyOyCvuAQQ/4DoMpOlllwjbBHed80ObYH4242KezsEH\n74aTlqIIeZyAPCFBknJ+hgd7eXpbV0qe8KAiABTC+paRlAMSMIAjyt+Q2UbH4iaj\nKVsnLjQf2UXDWmS7Yv6Lj54KWVb0r/JINKSohI3uA/nkS3TBu8hYhy/PZzQhu6V4\nh1X02srBEapuZsrm0b0rMr9U9CnOEwnRkq/URWNyoGQTIpYpw858QKd1hCNnNYiE\nZQ3uI8JJDoYrmwKCAQEA9HnyGTZMISZEOC52JAPHNgOU0CPkA0ASC4gVa0+fh8si\n1i+GTKMN5apjjqMw8nFipVe8u7l+GrUX+o7y+geltDkI0pePKx9Mg6sq8+01scwY\n/t9YfgiXIp9/Q2l8o53YuD95jkAwguf0W0XH0VDm93PRn9jsrk7h1kGidq2MDnev\nU+BZBq454Z5btDiaMmh6cdZtwerzxEXLxAVBrIQBDNGarRJfmHjwIpiaeMpy6nim\nyrdx3Gtfy82puD5+x4ZNAW6T7hDY4rIasz3pRV1CfSYrwFr+qKYQEdzFt2qs4Kf4\nShnX+JFrZteTYAE6zfMuRigTc5FEDEzGCs197lxGrwKCAQAAoza2XqcZdVEbO9BH\nWrQ2PFfovmCRy9Gkho3O4r7hSi3KoaLulHZ6vo6SYVvoprJWzrXWNH9LtYuWgYxi\nBdk0+Bn/eiIWnILHsOmZcyvFPCbBbjdwxQPw9XGwQKj7FiSPc8FIl2WwndNeBMjF\no2L1yptpFZGuT+NbrrMKhRwHVlIDcgxJtZxktcWeAyMX/KVvHziEQN0GyFBLYLgf\naodzgwzS9DHxkOQy84Dx7GOuVDZzfgAQXvMADi5soeExNUEF6y+WYJ0EuYpqA2Oi\n68A76anZQRgZpFtaBa2ofMT0DDUyp2K1etZbqdohzECt6FD+vSQXEnph2jK0RGT2\n+Aq1AoIBAQDLMjwV1npqJwsWgw9wma9O5qUeZmZSiUM2UHI1EiXvUNhwm2mNcwzO\n8dLzsBGzwKgT8xuMD/2PJyt59qxfQlHovGrn1k6Jseb/nRoDSgqR76hq1qoPfwZX\nIag+GIQe3chOQ3u9zv5DH5WK8zHEePCvhZUavcriie/NDBqDd3VsZO/V0CdOlSrI\nqr1fypfnA82ZpnbtcWIQpU5aa2ANil3xEJn19cp8yTAWIS5q7SGcXpGK9fPuF1S0\n6QiCeXcYUTjZ0tWjTl9l9FCa3/9txrjHmh1NMJRvCi9bGVtAOqrbwuBsfpRyJjPV\nc6Irbno4yUGR0Cdyq6+aZYlJW0irAAlDAoIBAQC8H7g4jXHhhIa8bNgY1jdoLoPo\nk6AoLH3k1CWebcjIfseskWkHxrmAHlqIMlaZmhMVaYxUJv3oy0H5i43NyjVvt3Ip\nBiUMsfCe2sHyxCCVAn4nlYwusHv87cDv0ZdkNO2VnJYVb23rJv1a3au/eaTkYlzO\nNpTwTfpGdRlXpObdxmGy4aRF0d/sXILo0ArrUGvS3h5XyUNTkJ5KkSyqln+JPeav\n365PdquDCuxM+n9iYYuHfMbBIIwyDIjNMHe0NxCHlz8oCqk9eyBdLXHKsAXeP+Wq\n9WMypt/qCKEXpMGucqH6K/9zs3fxGPHBZfC2fCIo8NSqPE/SQ2VjjHAVrNYE\n-----END RSA PRIVATE KEY-----\n",
            "ready_for_renewal": false,
            "set_authority_key_id": false,
            "set_subject_key_id": false,
            "subject": [
              {
                "common_name": "data-stack-lab-internal-root",
                "country": null,
                "email_address": null,
                "locality": null,
                "organization": "data-stack",
                "organizational_unit": null,
                "postal_code": null,
                "province": null,
                "serial_number": null,
                "street_address": null
              }
            ],
            "uris": null,
            "validity_end_time": "2026-11-24T01:47:36.651253376+01:00",
            "validity_period_hours": 8760,
            "validity_start_time": "2025-11-24T01:47:36.651253376+01:00"
          },
          "sensitive_attributes": [
            [
              {
                "type": "get_attr",
                "value": "private_key_pem"
              }
            ]
          ],
          "identity_schema_version": 0,
          "dependencies": [
            "tls_private_key.argocd_ca"
          ]
        }
      ]
    }
  ],
  "check_results": null
}
